// !$*UTF8*$!
{
	archiveVersion = 1;
	classes = {
	};
	objectVersion = 46;
	objects = {

/* Begin PBXBuildFile section */
		3F7A2C401680051D00C7CBA4 /* reading_page_background.png in Resources */ = {isa = PBXBuildFile; fileRef = 3F7A2C3F1680051D00C7CBA4 /* reading_page_background.png */; };
		3F7A2C481680092300C7CBA4 /* TSCProgressViewController.m in Sources */ = {isa = PBXBuildFile; fileRef = 3F7A2C461680092300C7CBA4 /* TSCProgressViewController.m */; };
		3F7A2C491680092300C7CBA4 /* TSCProgressViewController.xib in Resources */ = {isa = PBXBuildFile; fileRef = 3F7A2C471680092300C7CBA4 /* TSCProgressViewController.xib */; };
		3FA97D75167CEAF200039F44 /* TSCBookContentViewController.m in Sources */ = {isa = PBXBuildFile; fileRef = 3FA97D73167CEAF200039F44 /* TSCBookContentViewController.m */; };
		3FA97D76167CEAF200039F44 /* TSCBookContentViewController.xib in Resources */ = {isa = PBXBuildFile; fileRef = 3FA97D74167CEAF200039F44 /* TSCBookContentViewController.xib */; };
		4C0B477816A20B6300118E8E /* vagrlsb_.ttf in Resources */ = {isa = PBXBuildFile; fileRef = 4C0B477216A2090C00118E8E /* vagrlsb_.ttf */; };
		4C0B477916A20B6300118E8E /* vagroun6.ttf in Resources */ = {isa = PBXBuildFile; fileRef = 4C0B477316A2090C00118E8E /* vagroun6.ttf */; };
		4C0B477A16A20B6300118E8E /* vagrounded-bold.ttf in Resources */ = {isa = PBXBuildFile; fileRef = 4C0B477416A2090C00118E8E /* vagrounded-bold.ttf */; };
		4C0B477B16A20B6300118E8E /* VAGRounded-Light.ttf in Resources */ = {isa = PBXBuildFile; fileRef = 4C0B477516A2090C00118E8E /* VAGRounded-Light.ttf */; };
		4C0B477C16A20B6300118E8E /* vagroundedblacksskbold.ttf in Resources */ = {isa = PBXBuildFile; fileRef = 4C0B477616A2090C00118E8E /* vagroundedblacksskbold.ttf */; };
		4C0B477F16A20FC500118E8E /* TSCCustomFontVAGRoundedLight.m in Sources */ = {isa = PBXBuildFile; fileRef = 4C0B477E16A20FC500118E8E /* TSCCustomFontVAGRoundedLight.m */; };
		4C0B478316A2170E00118E8E /* TSCCustomFontVAGRoundedBlackBold.m in Sources */ = {isa = PBXBuildFile; fileRef = 4C0B478216A2170E00118E8E /* TSCCustomFontVAGRoundedBlackBold.m */; };
		4CB7C67416A32EC100B4C41B /* nav-arrow.png in Resources */ = {isa = PBXBuildFile; fileRef = 4CB7C67016A32EC100B4C41B /* nav-arrow.png */; };
		4CB7C67916A32FAA00B4C41B /* read-window-background.png in Resources */ = {isa = PBXBuildFile; fileRef = 4CB7C67816A32FAA00B4C41B /* read-window-background.png */; };
		4CB7C67B16A33BAA00B4C41B /* drawing-page-background.png in Resources */ = {isa = PBXBuildFile; fileRef = 4CB7C67A16A33BA900B4C41B /* drawing-page-background.png */; };
		4CB7C67D16A33C7400B4C41B /* draw-btn-selected.png in Resources */ = {isa = PBXBuildFile; fileRef = 4CB7C67C16A33C7400B4C41B /* draw-btn-selected.png */; };
		4CB7C67F16A33D1100B4C41B /* read-btn.png in Resources */ = {isa = PBXBuildFile; fileRef = 4CB7C67E16A33D1100B4C41B /* read-btn.png */; };
		4CB7C68516A341A100B4C41B /* TSCDrawingToolsDockViewController.m in Sources */ = {isa = PBXBuildFile; fileRef = 4CB7C68316A341A100B4C41B /* TSCDrawingToolsDockViewController.m */; };
		4CB7C68616A341A100B4C41B /* TSCDrawingToolsDockViewController.xib in Resources */ = {isa = PBXBuildFile; fileRef = 4CB7C68416A341A100B4C41B /* TSCDrawingToolsDockViewController.xib */; };
		4CB7C68A16A34DB300B4C41B /* drawing-tools-dock.png in Resources */ = {isa = PBXBuildFile; fileRef = 4CB7C68916A34DB300B4C41B /* drawing-tools-dock.png */; };
		4CB7C68C16A34E4900B4C41B /* tools-arrow.png in Resources */ = {isa = PBXBuildFile; fileRef = 4CB7C68B16A34E4900B4C41B /* tools-arrow.png */; };
		7A046C85169F5201001E2F6E /* TSCFillinBlanksViewController.m in Sources */ = {isa = PBXBuildFile; fileRef = 7A046C83169F5201001E2F6E /* TSCFillinBlanksViewController.m */; };
		7A046C86169F5201001E2F6E /* TSCFillinBlanksViewController.xib in Resources */ = {isa = PBXBuildFile; fileRef = 7A046C84169F5201001E2F6E /* TSCFillinBlanksViewController.xib */; };
		7A31CCD7168656BD0037E7E5 /* TSCBlankLetterViewController.m in Sources */ = {isa = PBXBuildFile; fileRef = 7A31CCD5168656BD0037E7E5 /* TSCBlankLetterViewController.m */; };
		7A31CCD8168656BD0037E7E5 /* TSCBlankLetterViewController.xib in Resources */ = {isa = PBXBuildFile; fileRef = 7A31CCD6168656BD0037E7E5 /* TSCBlankLetterViewController.xib */; };
		7A547FBF166DA3E1000159B7 /* UIKit.framework in Frameworks */ = {isa = PBXBuildFile; fileRef = 7A547FBE166DA3E1000159B7 /* UIKit.framework */; };
		7A547FC1166DA3E1000159B7 /* Foundation.framework in Frameworks */ = {isa = PBXBuildFile; fileRef = 7A547FC0166DA3E1000159B7 /* Foundation.framework */; };
		7A547FC3166DA3E1000159B7 /* CoreGraphics.framework in Frameworks */ = {isa = PBXBuildFile; fileRef = 7A547FC2166DA3E1000159B7 /* CoreGraphics.framework */; };
		7A547FC9166DA3E1000159B7 /* InfoPlist.strings in Resources */ = {isa = PBXBuildFile; fileRef = 7A547FC7166DA3E1000159B7 /* InfoPlist.strings */; };
		7A547FCB166DA3E1000159B7 /* main.m in Sources */ = {isa = PBXBuildFile; fileRef = 7A547FCA166DA3E1000159B7 /* main.m */; };
		7A547FCF166DA3E1000159B7 /* TSCAppDelegate.m in Sources */ = {isa = PBXBuildFile; fileRef = 7A547FCE166DA3E1000159B7 /* TSCAppDelegate.m */; };
		7A547FD1166DA3E1000159B7 /* Default.png in Resources */ = {isa = PBXBuildFile; fileRef = 7A547FD0166DA3E1000159B7 /* Default.png */; };
		7A547FD3166DA3E1000159B7 /* Default@2x.png in Resources */ = {isa = PBXBuildFile; fileRef = 7A547FD2166DA3E1000159B7 /* Default@2x.png */; };
		7A547FD5166DA3E1000159B7 /* Default-568h@2x.png in Resources */ = {isa = PBXBuildFile; fileRef = 7A547FD4166DA3E1000159B7 /* Default-568h@2x.png */; };
		7A547FDB166DA3E1000159B7 /* TSCViewController.m in Sources */ = {isa = PBXBuildFile; fileRef = 7A547FDA166DA3E1000159B7 /* TSCViewController.m */; };
		7A548026166E8851000159B7 /* NSObject+SBJson.m in Sources */ = {isa = PBXBuildFile; fileRef = 7A54800E166E8851000159B7 /* NSObject+SBJson.m */; };
		7A548027166E8851000159B7 /* SBJsonParser.m in Sources */ = {isa = PBXBuildFile; fileRef = 7A548011166E8851000159B7 /* SBJsonParser.m */; };
		7A548028166E8851000159B7 /* SBJsonStreamParser.m in Sources */ = {isa = PBXBuildFile; fileRef = 7A548013166E8851000159B7 /* SBJsonStreamParser.m */; };
		7A548029166E8851000159B7 /* SBJsonStreamParserAccumulator.m in Sources */ = {isa = PBXBuildFile; fileRef = 7A548015166E8851000159B7 /* SBJsonStreamParserAccumulator.m */; };
		7A54802A166E8851000159B7 /* SBJsonStreamParserAdapter.m in Sources */ = {isa = PBXBuildFile; fileRef = 7A548017166E8851000159B7 /* SBJsonStreamParserAdapter.m */; };
		7A54802B166E8851000159B7 /* SBJsonStreamParserState.m in Sources */ = {isa = PBXBuildFile; fileRef = 7A548019166E8851000159B7 /* SBJsonStreamParserState.m */; };
		7A54802C166E8851000159B7 /* SBJsonStreamWriter.m in Sources */ = {isa = PBXBuildFile; fileRef = 7A54801B166E8851000159B7 /* SBJsonStreamWriter.m */; };
		7A54802D166E8851000159B7 /* SBJsonStreamWriterAccumulator.m in Sources */ = {isa = PBXBuildFile; fileRef = 7A54801D166E8851000159B7 /* SBJsonStreamWriterAccumulator.m */; };
		7A54802E166E8851000159B7 /* SBJsonStreamWriterState.m in Sources */ = {isa = PBXBuildFile; fileRef = 7A54801F166E8851000159B7 /* SBJsonStreamWriterState.m */; };
		7A54802F166E8851000159B7 /* SBJsonTokeniser.m in Sources */ = {isa = PBXBuildFile; fileRef = 7A548021166E8851000159B7 /* SBJsonTokeniser.m */; };
		7A548030166E8851000159B7 /* SBJsonUTF8Stream.m in Sources */ = {isa = PBXBuildFile; fileRef = 7A548023166E8851000159B7 /* SBJsonUTF8Stream.m */; };
		7A548031166E8851000159B7 /* SBJsonWriter.m in Sources */ = {isa = PBXBuildFile; fileRef = 7A548025166E8851000159B7 /* SBJsonWriter.m */; };
		7A6B2F9916A367BD00F335DC /* a.png in Resources */ = {isa = PBXBuildFile; fileRef = 7A6B2F7E16A367BC00F335DC /* a.png */; };
		7A6B2F9A16A367BD00F335DC /* b.png in Resources */ = {isa = PBXBuildFile; fileRef = 7A6B2F7F16A367BC00F335DC /* b.png */; };
		7A6B2F9B16A367BD00F335DC /* c.png in Resources */ = {isa = PBXBuildFile; fileRef = 7A6B2F8016A367BC00F335DC /* c.png */; };
		7A6B2F9C16A367BD00F335DC /* d.png in Resources */ = {isa = PBXBuildFile; fileRef = 7A6B2F8116A367BC00F335DC /* d.png */; };
		7A6B2F9E16A367BD00F335DC /* e.png in Resources */ = {isa = PBXBuildFile; fileRef = 7A6B2F8316A367BC00F335DC /* e.png */; };
		7A6B2F9F16A367BD00F335DC /* f.png in Resources */ = {isa = PBXBuildFile; fileRef = 7A6B2F8416A367BC00F335DC /* f.png */; };
		7A6B2FA016A367BD00F335DC /* g.png in Resources */ = {isa = PBXBuildFile; fileRef = 7A6B2F8516A367BC00F335DC /* g.png */; };
		7A6B2FA116A367BD00F335DC /* h.png in Resources */ = {isa = PBXBuildFile; fileRef = 7A6B2F8616A367BC00F335DC /* h.png */; };
		7A6B2FA216A367BD00F335DC /* i.png in Resources */ = {isa = PBXBuildFile; fileRef = 7A6B2F8716A367BC00F335DC /* i.png */; };
		7A6B2FA316A367BD00F335DC /* j.png in Resources */ = {isa = PBXBuildFile; fileRef = 7A6B2F8816A367BC00F335DC /* j.png */; };
		7A6B2FA416A367BD00F335DC /* k.png in Resources */ = {isa = PBXBuildFile; fileRef = 7A6B2F8916A367BC00F335DC /* k.png */; };
		7A6B2FA516A367BD00F335DC /* l.png in Resources */ = {isa = PBXBuildFile; fileRef = 7A6B2F8A16A367BD00F335DC /* l.png */; };
		7A6B2FA616A367BD00F335DC /* m.png in Resources */ = {isa = PBXBuildFile; fileRef = 7A6B2F8B16A367BD00F335DC /* m.png */; };
		7A6B2FA716A367BD00F335DC /* n.png in Resources */ = {isa = PBXBuildFile; fileRef = 7A6B2F8C16A367BD00F335DC /* n.png */; };
		7A6B2FA816A367BD00F335DC /* o.png in Resources */ = {isa = PBXBuildFile; fileRef = 7A6B2F8D16A367BD00F335DC /* o.png */; };
		7A6B2FA916A367BD00F335DC /* p.png in Resources */ = {isa = PBXBuildFile; fileRef = 7A6B2F8E16A367BD00F335DC /* p.png */; };
		7A6B2FAA16A367BD00F335DC /* q.png in Resources */ = {isa = PBXBuildFile; fileRef = 7A6B2F8F16A367BD00F335DC /* q.png */; };
		7A6B2FAB16A367BD00F335DC /* r.png in Resources */ = {isa = PBXBuildFile; fileRef = 7A6B2F9016A367BD00F335DC /* r.png */; };
		7A6B2FAC16A367BD00F335DC /* s.png in Resources */ = {isa = PBXBuildFile; fileRef = 7A6B2F9116A367BD00F335DC /* s.png */; };
		7A6B2FAD16A367BD00F335DC /* t.png in Resources */ = {isa = PBXBuildFile; fileRef = 7A6B2F9216A367BD00F335DC /* t.png */; };
		7A6B2FAE16A367BD00F335DC /* u.png in Resources */ = {isa = PBXBuildFile; fileRef = 7A6B2F9316A367BD00F335DC /* u.png */; };
		7A6B2FAF16A367BD00F335DC /* v.png in Resources */ = {isa = PBXBuildFile; fileRef = 7A6B2F9416A367BD00F335DC /* v.png */; };
		7A6B2FB016A367BD00F335DC /* w.png in Resources */ = {isa = PBXBuildFile; fileRef = 7A6B2F9516A367BD00F335DC /* w.png */; };
		7A6B2FB116A367BD00F335DC /* x.png in Resources */ = {isa = PBXBuildFile; fileRef = 7A6B2F9616A367BD00F335DC /* x.png */; };
		7A6B2FB216A367BD00F335DC /* y in Resources */ = {isa = PBXBuildFile; fileRef = 7A6B2F9716A367BD00F335DC /* y */; };
		7A6B2FB316A367BD00F335DC /* z.png in Resources */ = {isa = PBXBuildFile; fileRef = 7A6B2F9816A367BD00F335DC /* z.png */; };
		7A6B2FB916A3799300F335DC /* aButton.png in Resources */ = {isa = PBXBuildFile; fileRef = 7A6B2FB516A3799300F335DC /* aButton.png */; };
		7A6B2FBA16A3799300F335DC /* bButton.png in Resources */ = {isa = PBXBuildFile; fileRef = 7A6B2FB616A3799300F335DC /* bButton.png */; };
		7A6B2FBB16A3799300F335DC /* cButton.png in Resources */ = {isa = PBXBuildFile; fileRef = 7A6B2FB716A3799300F335DC /* cButton.png */; };
		7A6B2FBC16A3799300F335DC /* dButton.png in Resources */ = {isa = PBXBuildFile; fileRef = 7A6B2FB816A3799300F335DC /* dButton.png */; };
		7A6B2FBE16A37D4F00F335DC /* testBackground.png in Resources */ = {isa = PBXBuildFile; fileRef = 7A6B2FBD16A37D4F00F335DC /* testBackground.png */; };
		7A6B2FC216A38A5800F335DC /* delete.png in Resources */ = {isa = PBXBuildFile; fileRef = 7A6B2FC116A38A5800F335DC /* delete.png */; };
		7A6B2FC716A3A7F000F335DC /* aActive.png in Resources */ = {isa = PBXBuildFile; fileRef = 7A6B2FC316A3A7F000F335DC /* aActive.png */; };
		7A6B2FC816A3A7F000F335DC /* bActive.png in Resources */ = {isa = PBXBuildFile; fileRef = 7A6B2FC416A3A7F000F335DC /* bActive.png */; };
		7A6B2FC916A3A7F000F335DC /* cActive.png in Resources */ = {isa = PBXBuildFile; fileRef = 7A6B2FC516A3A7F000F335DC /* cActive.png */; };
		7A6B2FCA16A3A7F000F335DC /* dActive.png in Resources */ = {isa = PBXBuildFile; fileRef = 7A6B2FC616A3A7F000F335DC /* dActive.png */; };
		7A6B2FCF16A3B69000F335DC /* draw-btn.png in Resources */ = {isa = PBXBuildFile; fileRef = 7A6B2FCE16A3B69000F335DC /* draw-btn.png */; };
		7A6B2FD116A3B73A00F335DC /* test-btn-selected.png in Resources */ = {isa = PBXBuildFile; fileRef = 7A6B2FD016A3B73A00F335DC /* test-btn-selected.png */; };
		7A6B2FD316A3B7C800F335DC /* test-btn.png in Resources */ = {isa = PBXBuildFile; fileRef = 7A6B2FD216A3B7C800F335DC /* test-btn.png */; };
		7A6B2FD716A3BF3C00F335DC /* read-btn-selected.png in Resources */ = {isa = PBXBuildFile; fileRef = 7A6B2FD616A3BF3C00F335DC /* read-btn-selected.png */; };
		7A94267916811AEF00457162 /* TSCDrawViewController.m in Sources */ = {isa = PBXBuildFile; fileRef = 7A94267816811AEF00457162 /* TSCDrawViewController.m */; };
		7A94267D16811B3E00457162 /* TSCTestViewController.m in Sources */ = {isa = PBXBuildFile; fileRef = 7A94267C16811B3E00457162 /* TSCTestViewController.m */; };
		7AB137BF168C1A410049A6C5 /* MainStoryboard.storyboard in Resources */ = {isa = PBXBuildFile; fileRef = 7AB137BD168C1A410049A6C5 /* MainStoryboard.storyboard */; };
		7AB137C81690B5500049A6C5 /* TSCMultChoiceViewController.m in Sources */ = {isa = PBXBuildFile; fileRef = 7AB137C61690B5500049A6C5 /* TSCMultChoiceViewController.m */; };
		7AB137C91690B5500049A6C5 /* TSCMultChoiceViewController.xib in Resources */ = {isa = PBXBuildFile; fileRef = 7AB137C71690B5500049A6C5 /* TSCMultChoiceViewController.xib */; };
		7AF25546167290A600CF6BE6 /* TSCUtility.m in Sources */ = {isa = PBXBuildFile; fileRef = 7AF25545167290A600CF6BE6 /* TSCUtility.m */; };
		FBCDE2CD16A4D503008D9946 /* blackButton.png in Resources */ = {isa = PBXBuildFile; fileRef = FBCDE2B916A4D503008D9946 /* blackButton.png */; };
		FBCDE2CE16A4D503008D9946 /* brownButton.png in Resources */ = {isa = PBXBuildFile; fileRef = FBCDE2BA16A4D503008D9946 /* brownButton.png */; };
		FBCDE2CF16A4D503008D9946 /* brushButton.png in Resources */ = {isa = PBXBuildFile; fileRef = FBCDE2BB16A4D503008D9946 /* brushButton.png */; };
		FBCDE2D016A4D503008D9946 /* darkblueButton.png in Resources */ = {isa = PBXBuildFile; fileRef = FBCDE2BC16A4D503008D9946 /* darkblueButton.png */; };
		FBCDE2D116A4D503008D9946 /* greenButton.png in Resources */ = {isa = PBXBuildFile; fileRef = FBCDE2BD16A4D503008D9946 /* greenButton.png */; };
		FBCDE2D216A4D503008D9946 /* greyButton.png in Resources */ = {isa = PBXBuildFile; fileRef = FBCDE2BE16A4D503008D9946 /* greyButton.png */; };
		FBCDE2D316A4D503008D9946 /* lightblueButton.png in Resources */ = {isa = PBXBuildFile; fileRef = FBCDE2BF16A4D503008D9946 /* lightblueButton.png */; };
		FBCDE2D416A4D503008D9946 /* orangeButton.png in Resources */ = {isa = PBXBuildFile; fileRef = FBCDE2C016A4D503008D9946 /* orangeButton.png */; };
		FBCDE2D516A4D503008D9946 /* pattern.png in Resources */ = {isa = PBXBuildFile; fileRef = FBCDE2C116A4D503008D9946 /* pattern.png */; };
		FBCDE2D616A4D503008D9946 /* pattern2.png in Resources */ = {isa = PBXBuildFile; fileRef = FBCDE2C216A4D503008D9946 /* pattern2.png */; };
		FBCDE2D716A4D503008D9946 /* pattern3.png in Resources */ = {isa = PBXBuildFile; fileRef = FBCDE2C316A4D503008D9946 /* pattern3.png */; };
		FBCDE2D816A4D503008D9946 /* penButton.png in Resources */ = {isa = PBXBuildFile; fileRef = FBCDE2C416A4D503008D9946 /* penButton.png */; };
		FBCDE2D916A4D503008D9946 /* pencilButton.png in Resources */ = {isa = PBXBuildFile; fileRef = FBCDE2C516A4D503008D9946 /* pencilButton.png */; };
		FBCDE2DA16A4D503008D9946 /* pinkButton.png in Resources */ = {isa = PBXBuildFile; fileRef = FBCDE2C616A4D503008D9946 /* pinkButton.png */; };
		FBCDE2DB16A4D503008D9946 /* purpleButton.png in Resources */ = {isa = PBXBuildFile; fileRef = FBCDE2C716A4D503008D9946 /* purpleButton.png */; };
		FBCDE2DC16A4D503008D9946 /* redButton.png in Resources */ = {isa = PBXBuildFile; fileRef = FBCDE2C816A4D503008D9946 /* redButton.png */; };
		FBCDE2DD16A4D503008D9946 /* tanButton.png in Resources */ = {isa = PBXBuildFile; fileRef = FBCDE2C916A4D503008D9946 /* tanButton.png */; };
		FBCDE2DE16A4D503008D9946 /* tealButton.png in Resources */ = {isa = PBXBuildFile; fileRef = FBCDE2CA16A4D503008D9946 /* tealButton.png */; };
		FBCDE2DF16A4D503008D9946 /* whiteButton.png in Resources */ = {isa = PBXBuildFile; fileRef = FBCDE2CB16A4D503008D9946 /* whiteButton.png */; };
		FBCDE2E016A4D503008D9946 /* yellowButton.png in Resources */ = {isa = PBXBuildFile; fileRef = FBCDE2CC16A4D503008D9946 /* yellowButton.png */; };
		FBDF1AAF16A4E1F200172E86 /* brushBlack.png in Resources */ = {isa = PBXBuildFile; fileRef = FBDF1A9316A4E1F200172E86 /* brushBlack.png */; };
		FBDF1AB016A4E1F200172E86 /* brushBrown.png in Resources */ = {isa = PBXBuildFile; fileRef = FBDF1A9416A4E1F200172E86 /* brushBrown.png */; };
		FBDF1AB116A4E1F200172E86 /* brushDarkBlue.png in Resources */ = {isa = PBXBuildFile; fileRef = FBDF1A9516A4E1F200172E86 /* brushDarkBlue.png */; };
		FBDF1AB216A4E1F200172E86 /* brushGreen.png in Resources */ = {isa = PBXBuildFile; fileRef = FBDF1A9616A4E1F200172E86 /* brushGreen.png */; };
		FBDF1AB316A4E1F200172E86 /* brushGrey.png in Resources */ = {isa = PBXBuildFile; fileRef = FBDF1A9716A4E1F200172E86 /* brushGrey.png */; };
		FBDF1AB416A4E1F200172E86 /* brushLightBlue.png in Resources */ = {isa = PBXBuildFile; fileRef = FBDF1A9816A4E1F200172E86 /* brushLightBlue.png */; };
		FBDF1AB516A4E1F200172E86 /* brushOrange.png in Resources */ = {isa = PBXBuildFile; fileRef = FBDF1A9916A4E1F200172E86 /* brushOrange.png */; };
		FBDF1AB616A4E1F200172E86 /* brushPink.png in Resources */ = {isa = PBXBuildFile; fileRef = FBDF1A9A16A4E1F200172E86 /* brushPink.png */; };
		FBDF1AB716A4E1F200172E86 /* brushPurple.png in Resources */ = {isa = PBXBuildFile; fileRef = FBDF1A9B16A4E1F200172E86 /* brushPurple.png */; };
		FBDF1AB816A4E1F200172E86 /* brushRed.png in Resources */ = {isa = PBXBuildFile; fileRef = FBDF1A9C16A4E1F200172E86 /* brushRed.png */; };
		FBDF1AB916A4E1F200172E86 /* brushTan.png in Resources */ = {isa = PBXBuildFile; fileRef = FBDF1A9D16A4E1F200172E86 /* brushTan.png */; };
		FBDF1ABA16A4E1F200172E86 /* brushTeal.png in Resources */ = {isa = PBXBuildFile; fileRef = FBDF1A9E16A4E1F200172E86 /* brushTeal.png */; };
		FBDF1ABB16A4E1F200172E86 /* brushWhite.png in Resources */ = {isa = PBXBuildFile; fileRef = FBDF1A9F16A4E1F200172E86 /* brushWhite.png */; };
		FBDF1ABC16A4E1F200172E86 /* brushYellow.png in Resources */ = {isa = PBXBuildFile; fileRef = FBDF1AA016A4E1F200172E86 /* brushYellow.png */; };
		FBDF1ABD16A4E1F200172E86 /* pencilBlack.png in Resources */ = {isa = PBXBuildFile; fileRef = FBDF1AA116A4E1F200172E86 /* pencilBlack.png */; };
		FBDF1ABE16A4E1F200172E86 /* pencilBrown.png in Resources */ = {isa = PBXBuildFile; fileRef = FBDF1AA216A4E1F200172E86 /* pencilBrown.png */; };
		FBDF1ABF16A4E1F200172E86 /* pencilDarkBlue.png in Resources */ = {isa = PBXBuildFile; fileRef = FBDF1AA316A4E1F200172E86 /* pencilDarkBlue.png */; };
		FBDF1AC016A4E1F200172E86 /* pencilGreen.png in Resources */ = {isa = PBXBuildFile; fileRef = FBDF1AA416A4E1F200172E86 /* pencilGreen.png */; };
		FBDF1AC116A4E1F200172E86 /* pencilGrey.png in Resources */ = {isa = PBXBuildFile; fileRef = FBDF1AA516A4E1F200172E86 /* pencilGrey.png */; };
		FBDF1AC216A4E1F200172E86 /* pencilLightBlue.png in Resources */ = {isa = PBXBuildFile; fileRef = FBDF1AA616A4E1F200172E86 /* pencilLightBlue.png */; };
		FBDF1AC316A4E1F200172E86 /* pencilOrange.png in Resources */ = {isa = PBXBuildFile; fileRef = FBDF1AA716A4E1F200172E86 /* pencilOrange.png */; };
		FBDF1AC416A4E1F200172E86 /* pencilPink.png in Resources */ = {isa = PBXBuildFile; fileRef = FBDF1AA816A4E1F200172E86 /* pencilPink.png */; };
		FBDF1AC516A4E1F200172E86 /* pencilPurple.png in Resources */ = {isa = PBXBuildFile; fileRef = FBDF1AA916A4E1F200172E86 /* pencilPurple.png */; };
		FBDF1AC616A4E1F200172E86 /* pencilRed.png in Resources */ = {isa = PBXBuildFile; fileRef = FBDF1AAA16A4E1F200172E86 /* pencilRed.png */; };
		FBDF1AC716A4E1F200172E86 /* pencilTan.png in Resources */ = {isa = PBXBuildFile; fileRef = FBDF1AAB16A4E1F200172E86 /* pencilTan.png */; };
		FBDF1AC816A4E1F200172E86 /* pencilTeal.png in Resources */ = {isa = PBXBuildFile; fileRef = FBDF1AAC16A4E1F200172E86 /* pencilTeal.png */; };
		FBDF1AC916A4E1F200172E86 /* pencilWhite.png in Resources */ = {isa = PBXBuildFile; fileRef = FBDF1AAD16A4E1F200172E86 /* pencilWhite.png */; };
		FBDF1ACA16A4E1F200172E86 /* pencilYellow.png in Resources */ = {isa = PBXBuildFile; fileRef = FBDF1AAE16A4E1F200172E86 /* pencilYellow.png */; };
/* End PBXBuildFile section */

/* Begin PBXFileReference section */
		3F7A2C3F1680051D00C7CBA4 /* reading_page_background.png */ = {isa = PBXFileReference; lastKnownFileType = image.png; path = reading_page_background.png; sourceTree = "<group>"; };
		3F7A2C451680092300C7CBA4 /* TSCProgressViewController.h */ = {isa = PBXFileReference; fileEncoding = 4; lastKnownFileType = sourcecode.c.h; path = TSCProgressViewController.h; sourceTree = "<group>"; };
		3F7A2C461680092300C7CBA4 /* TSCProgressViewController.m */ = {isa = PBXFileReference; fileEncoding = 4; lastKnownFileType = sourcecode.c.objc; path = TSCProgressViewController.m; sourceTree = "<group>"; };
		3F7A2C471680092300C7CBA4 /* TSCProgressViewController.xib */ = {isa = PBXFileReference; fileEncoding = 4; lastKnownFileType = file.xib; path = TSCProgressViewController.xib; sourceTree = "<group>"; };
		3FA97D72167CEAF200039F44 /* TSCBookContentViewController.h */ = {isa = PBXFileReference; fileEncoding = 4; lastKnownFileType = sourcecode.c.h; path = TSCBookContentViewController.h; sourceTree = "<group>"; };
		3FA97D73167CEAF200039F44 /* TSCBookContentViewController.m */ = {isa = PBXFileReference; fileEncoding = 4; lastKnownFileType = sourcecode.c.objc; path = TSCBookContentViewController.m; sourceTree = "<group>"; };
		3FA97D74167CEAF200039F44 /* TSCBookContentViewController.xib */ = {isa = PBXFileReference; fileEncoding = 4; lastKnownFileType = file.xib; path = TSCBookContentViewController.xib; sourceTree = "<group>"; };
		4C0B477216A2090C00118E8E /* vagrlsb_.ttf */ = {isa = PBXFileReference; lastKnownFileType = file; path = vagrlsb_.ttf; sourceTree = "<group>"; };
		4C0B477316A2090C00118E8E /* vagroun6.ttf */ = {isa = PBXFileReference; lastKnownFileType = file; path = vagroun6.ttf; sourceTree = "<group>"; };
		4C0B477416A2090C00118E8E /* vagrounded-bold.ttf */ = {isa = PBXFileReference; lastKnownFileType = file; path = "vagrounded-bold.ttf"; sourceTree = "<group>"; };
		4C0B477516A2090C00118E8E /* VAGRounded-Light.ttf */ = {isa = PBXFileReference; lastKnownFileType = text; path = "VAGRounded-Light.ttf"; sourceTree = "<group>"; };
		4C0B477616A2090C00118E8E /* vagroundedblacksskbold.ttf */ = {isa = PBXFileReference; lastKnownFileType = file; path = vagroundedblacksskbold.ttf; sourceTree = "<group>"; };
		4C0B477D16A20FC500118E8E /* TSCCustomFontVAGRoundedLight.h */ = {isa = PBXFileReference; fileEncoding = 4; lastKnownFileType = sourcecode.c.h; path = TSCCustomFontVAGRoundedLight.h; sourceTree = "<group>"; };
		4C0B477E16A20FC500118E8E /* TSCCustomFontVAGRoundedLight.m */ = {isa = PBXFileReference; fileEncoding = 4; lastKnownFileType = sourcecode.c.objc; path = TSCCustomFontVAGRoundedLight.m; sourceTree = "<group>"; };
		4C0B478116A2170E00118E8E /* TSCCustomFontVAGRoundedBlackBold.h */ = {isa = PBXFileReference; fileEncoding = 4; lastKnownFileType = sourcecode.c.h; path = TSCCustomFontVAGRoundedBlackBold.h; sourceTree = "<group>"; };
		4C0B478216A2170E00118E8E /* TSCCustomFontVAGRoundedBlackBold.m */ = {isa = PBXFileReference; fileEncoding = 4; lastKnownFileType = sourcecode.c.objc; path = TSCCustomFontVAGRoundedBlackBold.m; sourceTree = "<group>"; };
		4CB7C67016A32EC100B4C41B /* nav-arrow.png */ = {isa = PBXFileReference; lastKnownFileType = image.png; path = "nav-arrow.png"; sourceTree = "<group>"; };
		4CB7C67816A32FAA00B4C41B /* read-window-background.png */ = {isa = PBXFileReference; lastKnownFileType = image.png; path = "read-window-background.png"; sourceTree = "<group>"; };
		4CB7C67A16A33BA900B4C41B /* drawing-page-background.png */ = {isa = PBXFileReference; lastKnownFileType = image.png; path = "drawing-page-background.png"; sourceTree = "<group>"; };
		4CB7C67C16A33C7400B4C41B /* draw-btn-selected.png */ = {isa = PBXFileReference; lastKnownFileType = image.png; path = "draw-btn-selected.png"; sourceTree = "<group>"; };
		4CB7C67E16A33D1100B4C41B /* read-btn.png */ = {isa = PBXFileReference; lastKnownFileType = image.png; path = "read-btn.png"; sourceTree = "<group>"; };
		4CB7C68216A341A100B4C41B /* TSCDrawingToolsDockViewController.h */ = {isa = PBXFileReference; fileEncoding = 4; lastKnownFileType = sourcecode.c.h; path = TSCDrawingToolsDockViewController.h; sourceTree = "<group>"; };
		4CB7C68316A341A100B4C41B /* TSCDrawingToolsDockViewController.m */ = {isa = PBXFileReference; fileEncoding = 4; lastKnownFileType = sourcecode.c.objc; path = TSCDrawingToolsDockViewController.m; sourceTree = "<group>"; };
		4CB7C68416A341A100B4C41B /* TSCDrawingToolsDockViewController.xib */ = {isa = PBXFileReference; fileEncoding = 4; lastKnownFileType = file.xib; path = TSCDrawingToolsDockViewController.xib; sourceTree = "<group>"; };
		4CB7C68916A34DB300B4C41B /* drawing-tools-dock.png */ = {isa = PBXFileReference; lastKnownFileType = image.png; path = "drawing-tools-dock.png"; sourceTree = "<group>"; };
		4CB7C68B16A34E4900B4C41B /* tools-arrow.png */ = {isa = PBXFileReference; lastKnownFileType = image.png; path = "tools-arrow.png"; sourceTree = "<group>"; };
		7A046C82169F5201001E2F6E /* TSCFillinBlanksViewController.h */ = {isa = PBXFileReference; fileEncoding = 4; lastKnownFileType = sourcecode.c.h; path = TSCFillinBlanksViewController.h; sourceTree = "<group>"; };
		7A046C83169F5201001E2F6E /* TSCFillinBlanksViewController.m */ = {isa = PBXFileReference; fileEncoding = 4; lastKnownFileType = sourcecode.c.objc; path = TSCFillinBlanksViewController.m; sourceTree = "<group>"; };
		7A046C84169F5201001E2F6E /* TSCFillinBlanksViewController.xib */ = {isa = PBXFileReference; fileEncoding = 4; lastKnownFileType = file.xib; path = TSCFillinBlanksViewController.xib; sourceTree = "<group>"; };
		7A31CCD4168656BD0037E7E5 /* TSCBlankLetterViewController.h */ = {isa = PBXFileReference; fileEncoding = 4; lastKnownFileType = sourcecode.c.h; name = TSCBlankLetterViewController.h; path = ../TSCBlankLetterViewController.h; sourceTree = "<group>"; };
		7A31CCD5168656BD0037E7E5 /* TSCBlankLetterViewController.m */ = {isa = PBXFileReference; fileEncoding = 4; lastKnownFileType = sourcecode.c.objc; name = TSCBlankLetterViewController.m; path = ../TSCBlankLetterViewController.m; sourceTree = "<group>"; };
		7A31CCD6168656BD0037E7E5 /* TSCBlankLetterViewController.xib */ = {isa = PBXFileReference; fileEncoding = 4; lastKnownFileType = file.xib; name = TSCBlankLetterViewController.xib; path = ../TSCBlankLetterViewController.xib; sourceTree = "<group>"; };
		7A547FBA166DA3E1000159B7 /* TeamSpaceCadets.app */ = {isa = PBXFileReference; explicitFileType = wrapper.application; includeInIndex = 0; path = TeamSpaceCadets.app; sourceTree = BUILT_PRODUCTS_DIR; };
		7A547FBE166DA3E1000159B7 /* UIKit.framework */ = {isa = PBXFileReference; lastKnownFileType = wrapper.framework; name = UIKit.framework; path = System/Library/Frameworks/UIKit.framework; sourceTree = SDKROOT; };
		7A547FC0166DA3E1000159B7 /* Foundation.framework */ = {isa = PBXFileReference; lastKnownFileType = wrapper.framework; name = Foundation.framework; path = System/Library/Frameworks/Foundation.framework; sourceTree = SDKROOT; };
		7A547FC2166DA3E1000159B7 /* CoreGraphics.framework */ = {isa = PBXFileReference; lastKnownFileType = wrapper.framework; name = CoreGraphics.framework; path = System/Library/Frameworks/CoreGraphics.framework; sourceTree = SDKROOT; };
		7A547FC6166DA3E1000159B7 /* TeamSpaceCadets-Info.plist */ = {isa = PBXFileReference; lastKnownFileType = text.plist.xml; path = "TeamSpaceCadets-Info.plist"; sourceTree = "<group>"; };
		7A547FC8166DA3E1000159B7 /* en */ = {isa = PBXFileReference; lastKnownFileType = text.plist.strings; name = en; path = en.lproj/InfoPlist.strings; sourceTree = "<group>"; };
		7A547FCA166DA3E1000159B7 /* main.m */ = {isa = PBXFileReference; lastKnownFileType = sourcecode.c.objc; path = main.m; sourceTree = "<group>"; };
		7A547FCC166DA3E1000159B7 /* TeamSpaceCadets-Prefix.pch */ = {isa = PBXFileReference; lastKnownFileType = sourcecode.c.h; path = "TeamSpaceCadets-Prefix.pch"; sourceTree = "<group>"; };
		7A547FCD166DA3E1000159B7 /* TSCAppDelegate.h */ = {isa = PBXFileReference; lastKnownFileType = sourcecode.c.h; path = TSCAppDelegate.h; sourceTree = "<group>"; };
		7A547FCE166DA3E1000159B7 /* TSCAppDelegate.m */ = {isa = PBXFileReference; lastKnownFileType = sourcecode.c.objc; path = TSCAppDelegate.m; sourceTree = "<group>"; };
		7A547FD0166DA3E1000159B7 /* Default.png */ = {isa = PBXFileReference; lastKnownFileType = image.png; path = Default.png; sourceTree = "<group>"; };
		7A547FD2166DA3E1000159B7 /* Default@2x.png */ = {isa = PBXFileReference; lastKnownFileType = image.png; path = "Default@2x.png"; sourceTree = "<group>"; };
		7A547FD4166DA3E1000159B7 /* Default-568h@2x.png */ = {isa = PBXFileReference; lastKnownFileType = image.png; path = "Default-568h@2x.png"; sourceTree = "<group>"; };
		7A547FD9166DA3E1000159B7 /* TSCViewController.h */ = {isa = PBXFileReference; lastKnownFileType = sourcecode.c.h; path = TSCViewController.h; sourceTree = "<group>"; };
		7A547FDA166DA3E1000159B7 /* TSCViewController.m */ = {isa = PBXFileReference; lastKnownFileType = sourcecode.c.objc; path = TSCViewController.m; sourceTree = "<group>"; };
		7A54800D166E8851000159B7 /* NSObject+SBJson.h */ = {isa = PBXFileReference; fileEncoding = 4; lastKnownFileType = sourcecode.c.h; path = "NSObject+SBJson.h"; sourceTree = "<group>"; };
		7A54800E166E8851000159B7 /* NSObject+SBJson.m */ = {isa = PBXFileReference; fileEncoding = 4; lastKnownFileType = sourcecode.c.objc; path = "NSObject+SBJson.m"; sourceTree = "<group>"; };
		7A54800F166E8851000159B7 /* SBJson.h */ = {isa = PBXFileReference; fileEncoding = 4; lastKnownFileType = sourcecode.c.h; path = SBJson.h; sourceTree = "<group>"; };
		7A548010166E8851000159B7 /* SBJsonParser.h */ = {isa = PBXFileReference; fileEncoding = 4; lastKnownFileType = sourcecode.c.h; path = SBJsonParser.h; sourceTree = "<group>"; };
		7A548011166E8851000159B7 /* SBJsonParser.m */ = {isa = PBXFileReference; fileEncoding = 4; lastKnownFileType = sourcecode.c.objc; path = SBJsonParser.m; sourceTree = "<group>"; };
		7A548012166E8851000159B7 /* SBJsonStreamParser.h */ = {isa = PBXFileReference; fileEncoding = 4; lastKnownFileType = sourcecode.c.h; path = SBJsonStreamParser.h; sourceTree = "<group>"; };
		7A548013166E8851000159B7 /* SBJsonStreamParser.m */ = {isa = PBXFileReference; fileEncoding = 4; lastKnownFileType = sourcecode.c.objc; path = SBJsonStreamParser.m; sourceTree = "<group>"; };
		7A548014166E8851000159B7 /* SBJsonStreamParserAccumulator.h */ = {isa = PBXFileReference; fileEncoding = 4; lastKnownFileType = sourcecode.c.h; path = SBJsonStreamParserAccumulator.h; sourceTree = "<group>"; };
		7A548015166E8851000159B7 /* SBJsonStreamParserAccumulator.m */ = {isa = PBXFileReference; fileEncoding = 4; lastKnownFileType = sourcecode.c.objc; path = SBJsonStreamParserAccumulator.m; sourceTree = "<group>"; };
		7A548016166E8851000159B7 /* SBJsonStreamParserAdapter.h */ = {isa = PBXFileReference; fileEncoding = 4; lastKnownFileType = sourcecode.c.h; path = SBJsonStreamParserAdapter.h; sourceTree = "<group>"; };
		7A548017166E8851000159B7 /* SBJsonStreamParserAdapter.m */ = {isa = PBXFileReference; fileEncoding = 4; lastKnownFileType = sourcecode.c.objc; path = SBJsonStreamParserAdapter.m; sourceTree = "<group>"; };
		7A548018166E8851000159B7 /* SBJsonStreamParserState.h */ = {isa = PBXFileReference; fileEncoding = 4; lastKnownFileType = sourcecode.c.h; path = SBJsonStreamParserState.h; sourceTree = "<group>"; };
		7A548019166E8851000159B7 /* SBJsonStreamParserState.m */ = {isa = PBXFileReference; fileEncoding = 4; lastKnownFileType = sourcecode.c.objc; path = SBJsonStreamParserState.m; sourceTree = "<group>"; };
		7A54801A166E8851000159B7 /* SBJsonStreamWriter.h */ = {isa = PBXFileReference; fileEncoding = 4; lastKnownFileType = sourcecode.c.h; path = SBJsonStreamWriter.h; sourceTree = "<group>"; };
		7A54801B166E8851000159B7 /* SBJsonStreamWriter.m */ = {isa = PBXFileReference; fileEncoding = 4; lastKnownFileType = sourcecode.c.objc; path = SBJsonStreamWriter.m; sourceTree = "<group>"; };
		7A54801C166E8851000159B7 /* SBJsonStreamWriterAccumulator.h */ = {isa = PBXFileReference; fileEncoding = 4; lastKnownFileType = sourcecode.c.h; path = SBJsonStreamWriterAccumulator.h; sourceTree = "<group>"; };
		7A54801D166E8851000159B7 /* SBJsonStreamWriterAccumulator.m */ = {isa = PBXFileReference; fileEncoding = 4; lastKnownFileType = sourcecode.c.objc; path = SBJsonStreamWriterAccumulator.m; sourceTree = "<group>"; };
		7A54801E166E8851000159B7 /* SBJsonStreamWriterState.h */ = {isa = PBXFileReference; fileEncoding = 4; lastKnownFileType = sourcecode.c.h; path = SBJsonStreamWriterState.h; sourceTree = "<group>"; };
		7A54801F166E8851000159B7 /* SBJsonStreamWriterState.m */ = {isa = PBXFileReference; fileEncoding = 4; lastKnownFileType = sourcecode.c.objc; path = SBJsonStreamWriterState.m; sourceTree = "<group>"; };
		7A548020166E8851000159B7 /* SBJsonTokeniser.h */ = {isa = PBXFileReference; fileEncoding = 4; lastKnownFileType = sourcecode.c.h; path = SBJsonTokeniser.h; sourceTree = "<group>"; };
		7A548021166E8851000159B7 /* SBJsonTokeniser.m */ = {isa = PBXFileReference; fileEncoding = 4; lastKnownFileType = sourcecode.c.objc; path = SBJsonTokeniser.m; sourceTree = "<group>"; };
		7A548022166E8851000159B7 /* SBJsonUTF8Stream.h */ = {isa = PBXFileReference; fileEncoding = 4; lastKnownFileType = sourcecode.c.h; path = SBJsonUTF8Stream.h; sourceTree = "<group>"; };
		7A548023166E8851000159B7 /* SBJsonUTF8Stream.m */ = {isa = PBXFileReference; fileEncoding = 4; lastKnownFileType = sourcecode.c.objc; path = SBJsonUTF8Stream.m; sourceTree = "<group>"; };
		7A548024166E8851000159B7 /* SBJsonWriter.h */ = {isa = PBXFileReference; fileEncoding = 4; lastKnownFileType = sourcecode.c.h; path = SBJsonWriter.h; sourceTree = "<group>"; };
		7A548025166E8851000159B7 /* SBJsonWriter.m */ = {isa = PBXFileReference; fileEncoding = 4; lastKnownFileType = sourcecode.c.objc; path = SBJsonWriter.m; sourceTree = "<group>"; };
		7A6B2F7E16A367BC00F335DC /* a.png */ = {isa = PBXFileReference; lastKnownFileType = image.png; name = a.png; path = ../a.png; sourceTree = "<group>"; };
		7A6B2F7F16A367BC00F335DC /* b.png */ = {isa = PBXFileReference; lastKnownFileType = image.png; name = b.png; path = ../b.png; sourceTree = "<group>"; };
		7A6B2F8016A367BC00F335DC /* c.png */ = {isa = PBXFileReference; lastKnownFileType = image.png; name = c.png; path = ../c.png; sourceTree = "<group>"; };
		7A6B2F8116A367BC00F335DC /* d.png */ = {isa = PBXFileReference; lastKnownFileType = image.png; name = d.png; path = ../d.png; sourceTree = "<group>"; };
		7A6B2F8316A367BC00F335DC /* e.png */ = {isa = PBXFileReference; lastKnownFileType = image.png; name = e.png; path = ../e.png; sourceTree = "<group>"; };
		7A6B2F8416A367BC00F335DC /* f.png */ = {isa = PBXFileReference; lastKnownFileType = image.png; name = f.png; path = ../f.png; sourceTree = "<group>"; };
		7A6B2F8516A367BC00F335DC /* g.png */ = {isa = PBXFileReference; lastKnownFileType = image.png; name = g.png; path = ../g.png; sourceTree = "<group>"; };
		7A6B2F8616A367BC00F335DC /* h.png */ = {isa = PBXFileReference; lastKnownFileType = image.png; name = h.png; path = ../h.png; sourceTree = "<group>"; };
		7A6B2F8716A367BC00F335DC /* i.png */ = {isa = PBXFileReference; lastKnownFileType = image.png; name = i.png; path = ../i.png; sourceTree = "<group>"; };
		7A6B2F8816A367BC00F335DC /* j.png */ = {isa = PBXFileReference; lastKnownFileType = image.png; name = j.png; path = ../j.png; sourceTree = "<group>"; };
		7A6B2F8916A367BC00F335DC /* k.png */ = {isa = PBXFileReference; lastKnownFileType = image.png; name = k.png; path = ../k.png; sourceTree = "<group>"; };
		7A6B2F8A16A367BD00F335DC /* l.png */ = {isa = PBXFileReference; lastKnownFileType = image.png; name = l.png; path = ../l.png; sourceTree = "<group>"; };
		7A6B2F8B16A367BD00F335DC /* m.png */ = {isa = PBXFileReference; lastKnownFileType = image.png; name = m.png; path = ../m.png; sourceTree = "<group>"; };
		7A6B2F8C16A367BD00F335DC /* n.png */ = {isa = PBXFileReference; lastKnownFileType = image.png; name = n.png; path = ../n.png; sourceTree = "<group>"; };
		7A6B2F8D16A367BD00F335DC /* o.png */ = {isa = PBXFileReference; lastKnownFileType = image.png; name = o.png; path = ../o.png; sourceTree = "<group>"; };
		7A6B2F8E16A367BD00F335DC /* p.png */ = {isa = PBXFileReference; lastKnownFileType = image.png; name = p.png; path = ../p.png; sourceTree = "<group>"; };
		7A6B2F8F16A367BD00F335DC /* q.png */ = {isa = PBXFileReference; lastKnownFileType = image.png; name = q.png; path = ../q.png; sourceTree = "<group>"; };
		7A6B2F9016A367BD00F335DC /* r.png */ = {isa = PBXFileReference; lastKnownFileType = image.png; name = r.png; path = ../r.png; sourceTree = "<group>"; };
		7A6B2F9116A367BD00F335DC /* s.png */ = {isa = PBXFileReference; lastKnownFileType = image.png; name = s.png; path = ../s.png; sourceTree = "<group>"; };
		7A6B2F9216A367BD00F335DC /* t.png */ = {isa = PBXFileReference; lastKnownFileType = image.png; name = t.png; path = ../t.png; sourceTree = "<group>"; };
		7A6B2F9316A367BD00F335DC /* u.png */ = {isa = PBXFileReference; lastKnownFileType = image.png; name = u.png; path = ../u.png; sourceTree = "<group>"; };
		7A6B2F9416A367BD00F335DC /* v.png */ = {isa = PBXFileReference; lastKnownFileType = image.png; name = v.png; path = ../v.png; sourceTree = "<group>"; };
		7A6B2F9516A367BD00F335DC /* w.png */ = {isa = PBXFileReference; lastKnownFileType = image.png; name = w.png; path = ../w.png; sourceTree = "<group>"; };
		7A6B2F9616A367BD00F335DC /* x.png */ = {isa = PBXFileReference; lastKnownFileType = image.png; name = x.png; path = ../x.png; sourceTree = "<group>"; };
		7A6B2F9716A367BD00F335DC /* y */ = {isa = PBXFileReference; lastKnownFileType = file; name = y; path = ../y; sourceTree = "<group>"; };
		7A6B2F9816A367BD00F335DC /* z.png */ = {isa = PBXFileReference; lastKnownFileType = image.png; name = z.png; path = ../z.png; sourceTree = "<group>"; };
		7A6B2FB516A3799300F335DC /* aButton.png */ = {isa = PBXFileReference; lastKnownFileType = image.png; path = aButton.png; sourceTree = "<group>"; };
		7A6B2FB616A3799300F335DC /* bButton.png */ = {isa = PBXFileReference; lastKnownFileType = image.png; path = bButton.png; sourceTree = "<group>"; };
		7A6B2FB716A3799300F335DC /* cButton.png */ = {isa = PBXFileReference; lastKnownFileType = image.png; path = cButton.png; sourceTree = "<group>"; };
		7A6B2FB816A3799300F335DC /* dButton.png */ = {isa = PBXFileReference; lastKnownFileType = image.png; path = dButton.png; sourceTree = "<group>"; };
		7A6B2FBD16A37D4F00F335DC /* testBackground.png */ = {isa = PBXFileReference; lastKnownFileType = image.png; path = testBackground.png; sourceTree = "<group>"; };
		7A6B2FC116A38A5800F335DC /* delete.png */ = {isa = PBXFileReference; lastKnownFileType = image.png; path = delete.png; sourceTree = "<group>"; };
		7A6B2FC316A3A7F000F335DC /* aActive.png */ = {isa = PBXFileReference; lastKnownFileType = image.png; path = aActive.png; sourceTree = "<group>"; };
		7A6B2FC416A3A7F000F335DC /* bActive.png */ = {isa = PBXFileReference; lastKnownFileType = image.png; path = bActive.png; sourceTree = "<group>"; };
		7A6B2FC516A3A7F000F335DC /* cActive.png */ = {isa = PBXFileReference; lastKnownFileType = image.png; path = cActive.png; sourceTree = "<group>"; };
		7A6B2FC616A3A7F000F335DC /* dActive.png */ = {isa = PBXFileReference; lastKnownFileType = image.png; path = dActive.png; sourceTree = "<group>"; };
		7A6B2FCE16A3B69000F335DC /* draw-btn.png */ = {isa = PBXFileReference; lastKnownFileType = image.png; name = "draw-btn.png"; path = "../draw-btn.png"; sourceTree = "<group>"; };
		7A6B2FD016A3B73A00F335DC /* test-btn-selected.png */ = {isa = PBXFileReference; lastKnownFileType = image.png; path = "test-btn-selected.png"; sourceTree = "<group>"; };
		7A6B2FD216A3B7C800F335DC /* test-btn.png */ = {isa = PBXFileReference; lastKnownFileType = image.png; path = "test-btn.png"; sourceTree = "<group>"; };
		7A6B2FD616A3BF3C00F335DC /* read-btn-selected.png */ = {isa = PBXFileReference; lastKnownFileType = image.png; path = "read-btn-selected.png"; sourceTree = "<group>"; };
		7A94267716811AEE00457162 /* TSCDrawViewController.h */ = {isa = PBXFileReference; fileEncoding = 4; lastKnownFileType = sourcecode.c.h; path = TSCDrawViewController.h; sourceTree = "<group>"; };
		7A94267816811AEF00457162 /* TSCDrawViewController.m */ = {isa = PBXFileReference; fileEncoding = 4; lastKnownFileType = sourcecode.c.objc; path = TSCDrawViewController.m; sourceTree = "<group>"; };
		7A94267B16811B3E00457162 /* TSCTestViewController.h */ = {isa = PBXFileReference; fileEncoding = 4; lastKnownFileType = sourcecode.c.h; path = TSCTestViewController.h; sourceTree = "<group>"; };
		7A94267C16811B3E00457162 /* TSCTestViewController.m */ = {isa = PBXFileReference; fileEncoding = 4; lastKnownFileType = sourcecode.c.objc; path = TSCTestViewController.m; sourceTree = "<group>"; };
		7AB137BE168C1A410049A6C5 /* en */ = {isa = PBXFileReference; lastKnownFileType = file.storyboard; name = en; path = TeamSpaceCadets/en.lproj/MainStoryboard.storyboard; sourceTree = "<group>"; };
		7AB137C51690B5500049A6C5 /* TSCMultChoiceViewController.h */ = {isa = PBXFileReference; fileEncoding = 4; lastKnownFileType = sourcecode.c.h; path = TSCMultChoiceViewController.h; sourceTree = "<group>"; };
		7AB137C61690B5500049A6C5 /* TSCMultChoiceViewController.m */ = {isa = PBXFileReference; fileEncoding = 4; lastKnownFileType = sourcecode.c.objc; path = TSCMultChoiceViewController.m; sourceTree = "<group>"; };
		7AB137C71690B5500049A6C5 /* TSCMultChoiceViewController.xib */ = {isa = PBXFileReference; fileEncoding = 4; lastKnownFileType = file.xib; path = TSCMultChoiceViewController.xib; sourceTree = "<group>"; };
		7AF25544167290A600CF6BE6 /* TSCUtility.h */ = {isa = PBXFileReference; fileEncoding = 4; lastKnownFileType = sourcecode.c.h; path = TSCUtility.h; sourceTree = "<group>"; };
		7AF25545167290A600CF6BE6 /* TSCUtility.m */ = {isa = PBXFileReference; fileEncoding = 4; lastKnownFileType = sourcecode.c.objc; path = TSCUtility.m; sourceTree = "<group>"; };
		FBCDE2B916A4D503008D9946 /* blackButton.png */ = {isa = PBXFileReference; lastKnownFileType = image.png; path = blackButton.png; sourceTree = "<group>"; };
		FBCDE2BA16A4D503008D9946 /* brownButton.png */ = {isa = PBXFileReference; lastKnownFileType = image.png; path = brownButton.png; sourceTree = "<group>"; };
		FBCDE2BB16A4D503008D9946 /* brushButton.png */ = {isa = PBXFileReference; lastKnownFileType = image.png; path = brushButton.png; sourceTree = "<group>"; };
		FBCDE2BC16A4D503008D9946 /* darkblueButton.png */ = {isa = PBXFileReference; lastKnownFileType = image.png; path = darkblueButton.png; sourceTree = "<group>"; };
		FBCDE2BD16A4D503008D9946 /* greenButton.png */ = {isa = PBXFileReference; lastKnownFileType = image.png; path = greenButton.png; sourceTree = "<group>"; };
		FBCDE2BE16A4D503008D9946 /* greyButton.png */ = {isa = PBXFileReference; lastKnownFileType = image.png; path = greyButton.png; sourceTree = "<group>"; };
		FBCDE2BF16A4D503008D9946 /* lightblueButton.png */ = {isa = PBXFileReference; lastKnownFileType = image.png; path = lightblueButton.png; sourceTree = "<group>"; };
		FBCDE2C016A4D503008D9946 /* orangeButton.png */ = {isa = PBXFileReference; lastKnownFileType = image.png; path = orangeButton.png; sourceTree = "<group>"; };
		FBCDE2C116A4D503008D9946 /* pattern.png */ = {isa = PBXFileReference; lastKnownFileType = image.png; path = pattern.png; sourceTree = "<group>"; };
		FBCDE2C216A4D503008D9946 /* pattern2.png */ = {isa = PBXFileReference; lastKnownFileType = image.png; path = pattern2.png; sourceTree = "<group>"; };
		FBCDE2C316A4D503008D9946 /* pattern3.png */ = {isa = PBXFileReference; lastKnownFileType = image.png; path = pattern3.png; sourceTree = "<group>"; };
		FBCDE2C416A4D503008D9946 /* penButton.png */ = {isa = PBXFileReference; lastKnownFileType = image.png; path = penButton.png; sourceTree = "<group>"; };
		FBCDE2C516A4D503008D9946 /* pencilButton.png */ = {isa = PBXFileReference; lastKnownFileType = image.png; path = pencilButton.png; sourceTree = "<group>"; };
		FBCDE2C616A4D503008D9946 /* pinkButton.png */ = {isa = PBXFileReference; lastKnownFileType = image.png; path = pinkButton.png; sourceTree = "<group>"; };
		FBCDE2C716A4D503008D9946 /* purpleButton.png */ = {isa = PBXFileReference; lastKnownFileType = image.png; path = purpleButton.png; sourceTree = "<group>"; };
		FBCDE2C816A4D503008D9946 /* redButton.png */ = {isa = PBXFileReference; lastKnownFileType = image.png; path = redButton.png; sourceTree = "<group>"; };
		FBCDE2C916A4D503008D9946 /* tanButton.png */ = {isa = PBXFileReference; lastKnownFileType = image.png; path = tanButton.png; sourceTree = "<group>"; };
		FBCDE2CA16A4D503008D9946 /* tealButton.png */ = {isa = PBXFileReference; lastKnownFileType = image.png; path = tealButton.png; sourceTree = "<group>"; };
		FBCDE2CB16A4D503008D9946 /* whiteButton.png */ = {isa = PBXFileReference; lastKnownFileType = image.png; path = whiteButton.png; sourceTree = "<group>"; };
		FBCDE2CC16A4D503008D9946 /* yellowButton.png */ = {isa = PBXFileReference; lastKnownFileType = image.png; path = yellowButton.png; sourceTree = "<group>"; };
		FBDF1A9316A4E1F200172E86 /* brushBlack.png */ = {isa = PBXFileReference; lastKnownFileType = image.png; path = brushBlack.png; sourceTree = "<group>"; };
		FBDF1A9416A4E1F200172E86 /* brushBrown.png */ = {isa = PBXFileReference; lastKnownFileType = image.png; path = brushBrown.png; sourceTree = "<group>"; };
		FBDF1A9516A4E1F200172E86 /* brushDarkBlue.png */ = {isa = PBXFileReference; lastKnownFileType = image.png; path = brushDarkBlue.png; sourceTree = "<group>"; };
		FBDF1A9616A4E1F200172E86 /* brushGreen.png */ = {isa = PBXFileReference; lastKnownFileType = image.png; path = brushGreen.png; sourceTree = "<group>"; };
		FBDF1A9716A4E1F200172E86 /* brushGrey.png */ = {isa = PBXFileReference; lastKnownFileType = image.png; path = brushGrey.png; sourceTree = "<group>"; };
		FBDF1A9816A4E1F200172E86 /* brushLightBlue.png */ = {isa = PBXFileReference; lastKnownFileType = image.png; path = brushLightBlue.png; sourceTree = "<group>"; };
		FBDF1A9916A4E1F200172E86 /* brushOrange.png */ = {isa = PBXFileReference; lastKnownFileType = image.png; path = brushOrange.png; sourceTree = "<group>"; };
		FBDF1A9A16A4E1F200172E86 /* brushPink.png */ = {isa = PBXFileReference; lastKnownFileType = image.png; path = brushPink.png; sourceTree = "<group>"; };
		FBDF1A9B16A4E1F200172E86 /* brushPurple.png */ = {isa = PBXFileReference; lastKnownFileType = image.png; path = brushPurple.png; sourceTree = "<group>"; };
		FBDF1A9C16A4E1F200172E86 /* brushRed.png */ = {isa = PBXFileReference; lastKnownFileType = image.png; path = brushRed.png; sourceTree = "<group>"; };
		FBDF1A9D16A4E1F200172E86 /* brushTan.png */ = {isa = PBXFileReference; lastKnownFileType = image.png; path = brushTan.png; sourceTree = "<group>"; };
		FBDF1A9E16A4E1F200172E86 /* brushTeal.png */ = {isa = PBXFileReference; lastKnownFileType = image.png; path = brushTeal.png; sourceTree = "<group>"; };
		FBDF1A9F16A4E1F200172E86 /* brushWhite.png */ = {isa = PBXFileReference; lastKnownFileType = image.png; path = brushWhite.png; sourceTree = "<group>"; };
		FBDF1AA016A4E1F200172E86 /* brushYellow.png */ = {isa = PBXFileReference; lastKnownFileType = image.png; path = brushYellow.png; sourceTree = "<group>"; };
		FBDF1AA116A4E1F200172E86 /* pencilBlack.png */ = {isa = PBXFileReference; lastKnownFileType = image.png; path = pencilBlack.png; sourceTree = "<group>"; };
		FBDF1AA216A4E1F200172E86 /* pencilBrown.png */ = {isa = PBXFileReference; lastKnownFileType = image.png; path = pencilBrown.png; sourceTree = "<group>"; };
		FBDF1AA316A4E1F200172E86 /* pencilDarkBlue.png */ = {isa = PBXFileReference; lastKnownFileType = image.png; path = pencilDarkBlue.png; sourceTree = "<group>"; };
		FBDF1AA416A4E1F200172E86 /* pencilGreen.png */ = {isa = PBXFileReference; lastKnownFileType = image.png; path = pencilGreen.png; sourceTree = "<group>"; };
		FBDF1AA516A4E1F200172E86 /* pencilGrey.png */ = {isa = PBXFileReference; lastKnownFileType = image.png; path = pencilGrey.png; sourceTree = "<group>"; };
		FBDF1AA616A4E1F200172E86 /* pencilLightBlue.png */ = {isa = PBXFileReference; lastKnownFileType = image.png; path = pencilLightBlue.png; sourceTree = "<group>"; };
		FBDF1AA716A4E1F200172E86 /* pencilOrange.png */ = {isa = PBXFileReference; lastKnownFileType = image.png; path = pencilOrange.png; sourceTree = "<group>"; };
		FBDF1AA816A4E1F200172E86 /* pencilPink.png */ = {isa = PBXFileReference; lastKnownFileType = image.png; path = pencilPink.png; sourceTree = "<group>"; };
		FBDF1AA916A4E1F200172E86 /* pencilPurple.png */ = {isa = PBXFileReference; lastKnownFileType = image.png; path = pencilPurple.png; sourceTree = "<group>"; };
		FBDF1AAA16A4E1F200172E86 /* pencilRed.png */ = {isa = PBXFileReference; lastKnownFileType = image.png; path = pencilRed.png; sourceTree = "<group>"; };
		FBDF1AAB16A4E1F200172E86 /* pencilTan.png */ = {isa = PBXFileReference; lastKnownFileType = image.png; path = pencilTan.png; sourceTree = "<group>"; };
		FBDF1AAC16A4E1F200172E86 /* pencilTeal.png */ = {isa = PBXFileReference; lastKnownFileType = image.png; path = pencilTeal.png; sourceTree = "<group>"; };
		FBDF1AAD16A4E1F200172E86 /* pencilWhite.png */ = {isa = PBXFileReference; lastKnownFileType = image.png; path = pencilWhite.png; sourceTree = "<group>"; };
		FBDF1AAE16A4E1F200172E86 /* pencilYellow.png */ = {isa = PBXFileReference; lastKnownFileType = image.png; path = pencilYellow.png; sourceTree = "<group>"; };
/* End PBXFileReference section */

/* Begin PBXFrameworksBuildPhase section */
		7A547FB7166DA3E1000159B7 /* Frameworks */ = {
			isa = PBXFrameworksBuildPhase;
			buildActionMask = 2147483647;
			files = (
				7A547FBF166DA3E1000159B7 /* UIKit.framework in Frameworks */,
				7A547FC1166DA3E1000159B7 /* Foundation.framework in Frameworks */,
				7A547FC3166DA3E1000159B7 /* CoreGraphics.framework in Frameworks */,
			);
			runOnlyForDeploymentPostprocessing = 0;
		};
/* End PBXFrameworksBuildPhase section */

/* Begin PBXGroup section */
		4C0B478016A20FD100118E8E /* Fonts */ = {
			isa = PBXGroup;
			children = (
				4C0B478116A2170E00118E8E /* TSCCustomFontVAGRoundedBlackBold.h */,
				4C0B478216A2170E00118E8E /* TSCCustomFontVAGRoundedBlackBold.m */,
				4C0B477D16A20FC500118E8E /* TSCCustomFontVAGRoundedLight.h */,
				4C0B477E16A20FC500118E8E /* TSCCustomFontVAGRoundedLight.m */,
			);
			name = Fonts;
			sourceTree = "<group>";
		};
		7A547FAF166DA3E1000159B7 = {
			isa = PBXGroup;
			children = (
				7A54800C166E8851000159B7 /* SBJson */,
				7A547FC4166DA3E1000159B7 /* TeamSpaceCadets */,
				7A547FBD166DA3E1000159B7 /* Frameworks */,
				7A547FBB166DA3E1000159B7 /* Products */,
			);
			sourceTree = "<group>";
		};
		7A547FBB166DA3E1000159B7 /* Products */ = {
			isa = PBXGroup;
			children = (
				7A547FBA166DA3E1000159B7 /* TeamSpaceCadets.app */,
			);
			name = Products;
			sourceTree = "<group>";
		};
		7A547FBD166DA3E1000159B7 /* Frameworks */ = {
			isa = PBXGroup;
			children = (
				7A547FBE166DA3E1000159B7 /* UIKit.framework */,
				7A547FC0166DA3E1000159B7 /* Foundation.framework */,
				7A547FC2166DA3E1000159B7 /* CoreGraphics.framework */,
			);
			name = Frameworks;
			sourceTree = "<group>";
		};
		7A547FC4166DA3E1000159B7 /* TeamSpaceCadets */ = {
			isa = PBXGroup;
			children = (
				7AB137BD168C1A410049A6C5 /* MainStoryboard.storyboard */,
				7A547FCD166DA3E1000159B7 /* TSCAppDelegate.h */,
				7A547FCE166DA3E1000159B7 /* TSCAppDelegate.m */,
				7A547FD9166DA3E1000159B7 /* TSCViewController.h */,
				7A547FDA166DA3E1000159B7 /* TSCViewController.m */,
				7AF25544167290A600CF6BE6 /* TSCUtility.h */,
				7AF25545167290A600CF6BE6 /* TSCUtility.m */,
				7A94267B16811B3E00457162 /* TSCTestViewController.h */,
				7A94267C16811B3E00457162 /* TSCTestViewController.m */,
				7A046C82169F5201001E2F6E /* TSCFillinBlanksViewController.h */,
				7A046C83169F5201001E2F6E /* TSCFillinBlanksViewController.m */,
				7A046C84169F5201001E2F6E /* TSCFillinBlanksViewController.xib */,
				7AB137C51690B5500049A6C5 /* TSCMultChoiceViewController.h */,
				7AB137C61690B5500049A6C5 /* TSCMultChoiceViewController.m */,
				7AB137C71690B5500049A6C5 /* TSCMultChoiceViewController.xib */,
				7A94267716811AEE00457162 /* TSCDrawViewController.h */,
				7A94267816811AEF00457162 /* TSCDrawViewController.m */,
				4CB7C68216A341A100B4C41B /* TSCDrawingToolsDockViewController.h */,
				4CB7C68316A341A100B4C41B /* TSCDrawingToolsDockViewController.m */,
				4CB7C68416A341A100B4C41B /* TSCDrawingToolsDockViewController.xib */,
				3FA97D72167CEAF200039F44 /* TSCBookContentViewController.h */,
				3FA97D73167CEAF200039F44 /* TSCBookContentViewController.m */,
				3FA97D74167CEAF200039F44 /* TSCBookContentViewController.xib */,
				3F7A2C451680092300C7CBA4 /* TSCProgressViewController.h */,
				3F7A2C461680092300C7CBA4 /* TSCProgressViewController.m */,
				3F7A2C471680092300C7CBA4 /* TSCProgressViewController.xib */,
				7A31CCD4168656BD0037E7E5 /* TSCBlankLetterViewController.h */,
				7A31CCD5168656BD0037E7E5 /* TSCBlankLetterViewController.m */,
				7A31CCD6168656BD0037E7E5 /* TSCBlankLetterViewController.xib */,
				FBDF1A9216A4E1F200172E86 /* brush colors */,
				FBCDE2B816A4D503008D9946 /* Draw Page Images */,
				4C0B478016A20FD100118E8E /* Fonts */,
				7A547FC5166DA3E1000159B7 /* Supporting Files */,
			);
			path = TeamSpaceCadets;
			sourceTree = "<group>";
		};
		7A547FC5166DA3E1000159B7 /* Supporting Files */ = {
			isa = PBXGroup;
			children = (
				7A6B2FC116A38A5800F335DC /* delete.png */,
				7A6B2FBD16A37D4F00F335DC /* testBackground.png */,
				7A6B2FB516A3799300F335DC /* aButton.png */,
				7A6B2FB616A3799300F335DC /* bButton.png */,
				7A6B2FB716A3799300F335DC /* cButton.png */,
				7A6B2FB816A3799300F335DC /* dButton.png */,
				7A6B2FC316A3A7F000F335DC /* aActive.png */,
				7A6B2FC416A3A7F000F335DC /* bActive.png */,
				7A6B2FC516A3A7F000F335DC /* cActive.png */,
				7A6B2FC616A3A7F000F335DC /* dActive.png */,
				4CB7C68B16A34E4900B4C41B /* tools-arrow.png */,
				4CB7C68916A34DB300B4C41B /* drawing-tools-dock.png */,
				4CB7C67E16A33D1100B4C41B /* read-btn.png */,
				7A6B2FD616A3BF3C00F335DC /* read-btn-selected.png */,
				7A6B2FCE16A3B69000F335DC /* draw-btn.png */,
				4CB7C67C16A33C7400B4C41B /* draw-btn-selected.png */,
				7A6B2FD216A3B7C800F335DC /* test-btn.png */,
				7A6B2FD016A3B73A00F335DC /* test-btn-selected.png */,
				4CB7C67016A32EC100B4C41B /* nav-arrow.png */,
				4CB7C67A16A33BA900B4C41B /* drawing-page-background.png */,
				4C0B477216A2090C00118E8E /* vagrlsb_.ttf */,
				4C0B477316A2090C00118E8E /* vagroun6.ttf */,
				4C0B477416A2090C00118E8E /* vagrounded-bold.ttf */,
				4C0B477516A2090C00118E8E /* VAGRounded-Light.ttf */,
				4C0B477616A2090C00118E8E /* vagroundedblacksskbold.ttf */,
				3F7A2C3F1680051D00C7CBA4 /* reading_page_background.png */,
				4CB7C67816A32FAA00B4C41B /* read-window-background.png */,
				7A547FC6166DA3E1000159B7 /* TeamSpaceCadets-Info.plist */,
				7A547FC7166DA3E1000159B7 /* InfoPlist.strings */,
				7A547FCA166DA3E1000159B7 /* main.m */,
				7A547FCC166DA3E1000159B7 /* TeamSpaceCadets-Prefix.pch */,
				7A547FD0166DA3E1000159B7 /* Default.png */,
				7A547FD2166DA3E1000159B7 /* Default@2x.png */,
				7A547FD4166DA3E1000159B7 /* Default-568h@2x.png */,
				7A6B2FB416A367D600F335DC /* letters */,
			);
			name = "Supporting Files";
			sourceTree = "<group>";
		};
		7A54800C166E8851000159B7 /* SBJson */ = {
			isa = PBXGroup;
			children = (
				7A54800D166E8851000159B7 /* NSObject+SBJson.h */,
				7A54800E166E8851000159B7 /* NSObject+SBJson.m */,
				7A54800F166E8851000159B7 /* SBJson.h */,
				7A548010166E8851000159B7 /* SBJsonParser.h */,
				7A548011166E8851000159B7 /* SBJsonParser.m */,
				7A548012166E8851000159B7 /* SBJsonStreamParser.h */,
				7A548013166E8851000159B7 /* SBJsonStreamParser.m */,
				7A548014166E8851000159B7 /* SBJsonStreamParserAccumulator.h */,
				7A548015166E8851000159B7 /* SBJsonStreamParserAccumulator.m */,
				7A548016166E8851000159B7 /* SBJsonStreamParserAdapter.h */,
				7A548017166E8851000159B7 /* SBJsonStreamParserAdapter.m */,
				7A548018166E8851000159B7 /* SBJsonStreamParserState.h */,
				7A548019166E8851000159B7 /* SBJsonStreamParserState.m */,
				7A54801A166E8851000159B7 /* SBJsonStreamWriter.h */,
				7A54801B166E8851000159B7 /* SBJsonStreamWriter.m */,
				7A54801C166E8851000159B7 /* SBJsonStreamWriterAccumulator.h */,
				7A54801D166E8851000159B7 /* SBJsonStreamWriterAccumulator.m */,
				7A54801E166E8851000159B7 /* SBJsonStreamWriterState.h */,
				7A54801F166E8851000159B7 /* SBJsonStreamWriterState.m */,
				7A548020166E8851000159B7 /* SBJsonTokeniser.h */,
				7A548021166E8851000159B7 /* SBJsonTokeniser.m */,
				7A548022166E8851000159B7 /* SBJsonUTF8Stream.h */,
				7A548023166E8851000159B7 /* SBJsonUTF8Stream.m */,
				7A548024166E8851000159B7 /* SBJsonWriter.h */,
				7A548025166E8851000159B7 /* SBJsonWriter.m */,
			);
			path = SBJson;
			sourceTree = "<group>";
		};
		7A6B2FB416A367D600F335DC /* letters */ = {
			isa = PBXGroup;
			children = (
				7A6B2F7E16A367BC00F335DC /* a.png */,
				7A6B2F7F16A367BC00F335DC /* b.png */,
				7A6B2F8016A367BC00F335DC /* c.png */,
				7A6B2F8116A367BC00F335DC /* d.png */,
				7A6B2F8316A367BC00F335DC /* e.png */,
				7A6B2F8416A367BC00F335DC /* f.png */,
				7A6B2F8516A367BC00F335DC /* g.png */,
				7A6B2F8616A367BC00F335DC /* h.png */,
				7A6B2F8716A367BC00F335DC /* i.png */,
				7A6B2F8816A367BC00F335DC /* j.png */,
				7A6B2F8916A367BC00F335DC /* k.png */,
				7A6B2F8A16A367BD00F335DC /* l.png */,
				7A6B2F8B16A367BD00F335DC /* m.png */,
				7A6B2F8C16A367BD00F335DC /* n.png */,
				7A6B2F8D16A367BD00F335DC /* o.png */,
				7A6B2F8E16A367BD00F335DC /* p.png */,
				7A6B2F8F16A367BD00F335DC /* q.png */,
				7A6B2F9016A367BD00F335DC /* r.png */,
				7A6B2F9116A367BD00F335DC /* s.png */,
				7A6B2F9216A367BD00F335DC /* t.png */,
				7A6B2F9316A367BD00F335DC /* u.png */,
				7A6B2F9416A367BD00F335DC /* v.png */,
				7A6B2F9516A367BD00F335DC /* w.png */,
				7A6B2F9616A367BD00F335DC /* x.png */,
				7A6B2F9716A367BD00F335DC /* y */,
				7A6B2F9816A367BD00F335DC /* z.png */,
			);
			name = letters;
			sourceTree = "<group>";
		};
		FBCDE2B816A4D503008D9946 /* Draw Page Images */ = {
			isa = PBXGroup;
			children = (
				FBCDE2B916A4D503008D9946 /* blackButton.png */,
				FBCDE2BA16A4D503008D9946 /* brownButton.png */,
				FBCDE2BB16A4D503008D9946 /* brushButton.png */,
				FBCDE2BC16A4D503008D9946 /* darkblueButton.png */,
				FBCDE2BD16A4D503008D9946 /* greenButton.png */,
				FBCDE2BE16A4D503008D9946 /* greyButton.png */,
				FBCDE2BF16A4D503008D9946 /* lightblueButton.png */,
				FBCDE2C016A4D503008D9946 /* orangeButton.png */,
				FBCDE2C116A4D503008D9946 /* pattern.png */,
				FBCDE2C216A4D503008D9946 /* pattern2.png */,
				FBCDE2C316A4D503008D9946 /* pattern3.png */,
				FBCDE2C416A4D503008D9946 /* penButton.png */,
				FBCDE2C516A4D503008D9946 /* pencilButton.png */,
				FBCDE2C616A4D503008D9946 /* pinkButton.png */,
				FBCDE2C716A4D503008D9946 /* purpleButton.png */,
				FBCDE2C816A4D503008D9946 /* redButton.png */,
				FBCDE2C916A4D503008D9946 /* tanButton.png */,
				FBCDE2CA16A4D503008D9946 /* tealButton.png */,
				FBCDE2CB16A4D503008D9946 /* whiteButton.png */,
				FBCDE2CC16A4D503008D9946 /* yellowButton.png */,
			);
			path = "Draw Page Images";
			sourceTree = "<group>";
		};
		FBDF1A9216A4E1F200172E86 /* brush colors */ = {
			isa = PBXGroup;
			children = (
				FBDF1A9316A4E1F200172E86 /* brushBlack.png */,
				FBDF1A9416A4E1F200172E86 /* brushBrown.png */,
				FBDF1A9516A4E1F200172E86 /* brushDarkBlue.png */,
				FBDF1A9616A4E1F200172E86 /* brushGreen.png */,
				FBDF1A9716A4E1F200172E86 /* brushGrey.png */,
				FBDF1A9816A4E1F200172E86 /* brushLightBlue.png */,
				FBDF1A9916A4E1F200172E86 /* brushOrange.png */,
				FBDF1A9A16A4E1F200172E86 /* brushPink.png */,
				FBDF1A9B16A4E1F200172E86 /* brushPurple.png */,
				FBDF1A9C16A4E1F200172E86 /* brushRed.png */,
				FBDF1A9D16A4E1F200172E86 /* brushTan.png */,
				FBDF1A9E16A4E1F200172E86 /* brushTeal.png */,
				FBDF1A9F16A4E1F200172E86 /* brushWhite.png */,
				FBDF1AA016A4E1F200172E86 /* brushYellow.png */,
				FBDF1AA116A4E1F200172E86 /* pencilBlack.png */,
				FBDF1AA216A4E1F200172E86 /* pencilBrown.png */,
				FBDF1AA316A4E1F200172E86 /* pencilDarkBlue.png */,
				FBDF1AA416A4E1F200172E86 /* pencilGreen.png */,
				FBDF1AA516A4E1F200172E86 /* pencilGrey.png */,
				FBDF1AA616A4E1F200172E86 /* pencilLightBlue.png */,
				FBDF1AA716A4E1F200172E86 /* pencilOrange.png */,
				FBDF1AA816A4E1F200172E86 /* pencilPink.png */,
				FBDF1AA916A4E1F200172E86 /* pencilPurple.png */,
				FBDF1AAA16A4E1F200172E86 /* pencilRed.png */,
				FBDF1AAB16A4E1F200172E86 /* pencilTan.png */,
				FBDF1AAC16A4E1F200172E86 /* pencilTeal.png */,
				FBDF1AAD16A4E1F200172E86 /* pencilWhite.png */,
				FBDF1AAE16A4E1F200172E86 /* pencilYellow.png */,
			);
			path = "brush colors";
			sourceTree = "<group>";
		};
/* End PBXGroup section */

/* Begin PBXNativeTarget section */
		7A547FB9166DA3E1000159B7 /* TeamSpaceCadets */ = {
			isa = PBXNativeTarget;
			buildConfigurationList = 7A547FDE166DA3E1000159B7 /* Build configuration list for PBXNativeTarget "TeamSpaceCadets" */;
			buildPhases = (
				7A547FB6166DA3E1000159B7 /* Sources */,
				7A547FB7166DA3E1000159B7 /* Frameworks */,
				7A547FB8166DA3E1000159B7 /* Resources */,
			);
			buildRules = (
			);
			dependencies = (
			);
			name = TeamSpaceCadets;
			productName = TeamSpaceCadets;
			productReference = 7A547FBA166DA3E1000159B7 /* TeamSpaceCadets.app */;
			productType = "com.apple.product-type.application";
		};
/* End PBXNativeTarget section */

/* Begin PBXProject section */
		7A547FB1166DA3E1000159B7 /* Project object */ = {
			isa = PBXProject;
			attributes = {
				CLASSPREFIX = TSC;
				LastUpgradeCheck = 0450;
				ORGANIZATIONNAME = "RIT Space Cadets";
			};
			buildConfigurationList = 7A547FB4166DA3E1000159B7 /* Build configuration list for PBXProject "TeamSpaceCadets" */;
			compatibilityVersion = "Xcode 3.2";
			developmentRegion = English;
			hasScannedForEncodings = 0;
			knownRegions = (
				en,
			);
			mainGroup = 7A547FAF166DA3E1000159B7;
			productRefGroup = 7A547FBB166DA3E1000159B7 /* Products */;
			projectDirPath = "";
			projectRoot = "";
			targets = (
				7A547FB9166DA3E1000159B7 /* TeamSpaceCadets */,
			);
		};
/* End PBXProject section */

/* Begin PBXResourcesBuildPhase section */
		7A547FB8166DA3E1000159B7 /* Resources */ = {
			isa = PBXResourcesBuildPhase;
			buildActionMask = 2147483647;
			files = (
				4C0B477816A20B6300118E8E /* vagrlsb_.ttf in Resources */,
				4C0B477916A20B6300118E8E /* vagroun6.ttf in Resources */,
				4C0B477A16A20B6300118E8E /* vagrounded-bold.ttf in Resources */,
				4C0B477B16A20B6300118E8E /* VAGRounded-Light.ttf in Resources */,
				4C0B477C16A20B6300118E8E /* vagroundedblacksskbold.ttf in Resources */,
				7A547FC9166DA3E1000159B7 /* InfoPlist.strings in Resources */,
				7A547FD1166DA3E1000159B7 /* Default.png in Resources */,
				7A547FD3166DA3E1000159B7 /* Default@2x.png in Resources */,
				7A547FD5166DA3E1000159B7 /* Default-568h@2x.png in Resources */,
				3FA97D76167CEAF200039F44 /* TSCBookContentViewController.xib in Resources */,
				3F7A2C401680051D00C7CBA4 /* reading_page_background.png in Resources */,
				3F7A2C491680092300C7CBA4 /* TSCProgressViewController.xib in Resources */,
				7A31CCD8168656BD0037E7E5 /* TSCBlankLetterViewController.xib in Resources */,
				7AB137BF168C1A410049A6C5 /* MainStoryboard.storyboard in Resources */,
				7AB137C91690B5500049A6C5 /* TSCMultChoiceViewController.xib in Resources */,
				7A046C86169F5201001E2F6E /* TSCFillinBlanksViewController.xib in Resources */,
				4CB7C67416A32EC100B4C41B /* nav-arrow.png in Resources */,
				4CB7C67916A32FAA00B4C41B /* read-window-background.png in Resources */,
				4CB7C67B16A33BAA00B4C41B /* drawing-page-background.png in Resources */,
				4CB7C67D16A33C7400B4C41B /* draw-btn-selected.png in Resources */,
				4CB7C67F16A33D1100B4C41B /* read-btn.png in Resources */,
				4CB7C68616A341A100B4C41B /* TSCDrawingToolsDockViewController.xib in Resources */,
				4CB7C68A16A34DB300B4C41B /* drawing-tools-dock.png in Resources */,
				4CB7C68C16A34E4900B4C41B /* tools-arrow.png in Resources */,
				7A6B2F9916A367BD00F335DC /* a.png in Resources */,
				7A6B2F9A16A367BD00F335DC /* b.png in Resources */,
				7A6B2F9B16A367BD00F335DC /* c.png in Resources */,
				7A6B2F9C16A367BD00F335DC /* d.png in Resources */,
				7A6B2F9E16A367BD00F335DC /* e.png in Resources */,
				7A6B2F9F16A367BD00F335DC /* f.png in Resources */,
				7A6B2FA016A367BD00F335DC /* g.png in Resources */,
				7A6B2FA116A367BD00F335DC /* h.png in Resources */,
				7A6B2FA216A367BD00F335DC /* i.png in Resources */,
				7A6B2FA316A367BD00F335DC /* j.png in Resources */,
				7A6B2FA416A367BD00F335DC /* k.png in Resources */,
				7A6B2FA516A367BD00F335DC /* l.png in Resources */,
				7A6B2FA616A367BD00F335DC /* m.png in Resources */,
				7A6B2FA716A367BD00F335DC /* n.png in Resources */,
				7A6B2FA816A367BD00F335DC /* o.png in Resources */,
				7A6B2FA916A367BD00F335DC /* p.png in Resources */,
				7A6B2FAA16A367BD00F335DC /* q.png in Resources */,
				7A6B2FAB16A367BD00F335DC /* r.png in Resources */,
				7A6B2FAC16A367BD00F335DC /* s.png in Resources */,
				7A6B2FAD16A367BD00F335DC /* t.png in Resources */,
				7A6B2FAE16A367BD00F335DC /* u.png in Resources */,
				7A6B2FAF16A367BD00F335DC /* v.png in Resources */,
				7A6B2FB016A367BD00F335DC /* w.png in Resources */,
				7A6B2FB116A367BD00F335DC /* x.png in Resources */,
				7A6B2FB216A367BD00F335DC /* y in Resources */,
				7A6B2FB316A367BD00F335DC /* z.png in Resources */,
				7A6B2FB916A3799300F335DC /* aButton.png in Resources */,
				7A6B2FBA16A3799300F335DC /* bButton.png in Resources */,
				7A6B2FBB16A3799300F335DC /* cButton.png in Resources */,
				7A6B2FBC16A3799300F335DC /* dButton.png in Resources */,
				7A6B2FBE16A37D4F00F335DC /* testBackground.png in Resources */,
				7A6B2FC216A38A5800F335DC /* delete.png in Resources */,
				7A6B2FC716A3A7F000F335DC /* aActive.png in Resources */,
				7A6B2FC816A3A7F000F335DC /* bActive.png in Resources */,
				7A6B2FC916A3A7F000F335DC /* cActive.png in Resources */,
				7A6B2FCA16A3A7F000F335DC /* dActive.png in Resources */,
				7A6B2FCF16A3B69000F335DC /* draw-btn.png in Resources */,
				7A6B2FD116A3B73A00F335DC /* test-btn-selected.png in Resources */,
				7A6B2FD316A3B7C800F335DC /* test-btn.png in Resources */,
				7A6B2FD716A3BF3C00F335DC /* read-btn-selected.png in Resources */,
				FBCDE2CD16A4D503008D9946 /* blackButton.png in Resources */,
				FBCDE2CE16A4D503008D9946 /* brownButton.png in Resources */,
				FBCDE2CF16A4D503008D9946 /* brushButton.png in Resources */,
				FBCDE2D016A4D503008D9946 /* darkblueButton.png in Resources */,
				FBCDE2D116A4D503008D9946 /* greenButton.png in Resources */,
				FBCDE2D216A4D503008D9946 /* greyButton.png in Resources */,
				FBCDE2D316A4D503008D9946 /* lightblueButton.png in Resources */,
				FBCDE2D416A4D503008D9946 /* orangeButton.png in Resources */,
				FBCDE2D516A4D503008D9946 /* pattern.png in Resources */,
				FBCDE2D616A4D503008D9946 /* pattern2.png in Resources */,
				FBCDE2D716A4D503008D9946 /* pattern3.png in Resources */,
				FBCDE2D816A4D503008D9946 /* penButton.png in Resources */,
				FBCDE2D916A4D503008D9946 /* pencilButton.png in Resources */,
				FBCDE2DA16A4D503008D9946 /* pinkButton.png in Resources */,
				FBCDE2DB16A4D503008D9946 /* purpleButton.png in Resources */,
				FBCDE2DC16A4D503008D9946 /* redButton.png in Resources */,
				FBCDE2DD16A4D503008D9946 /* tanButton.png in Resources */,
				FBCDE2DE16A4D503008D9946 /* tealButton.png in Resources */,
				FBCDE2DF16A4D503008D9946 /* whiteButton.png in Resources */,
				FBCDE2E016A4D503008D9946 /* yellowButton.png in Resources */,
				FBDF1AAF16A4E1F200172E86 /* brushBlack.png in Resources */,
				FBDF1AB016A4E1F200172E86 /* brushBrown.png in Resources */,
				FBDF1AB116A4E1F200172E86 /* brushDarkBlue.png in Resources */,
				FBDF1AB216A4E1F200172E86 /* brushGreen.png in Resources */,
				FBDF1AB316A4E1F200172E86 /* brushGrey.png in Resources */,
				FBDF1AB416A4E1F200172E86 /* brushLightBlue.png in Resources */,
				FBDF1AB516A4E1F200172E86 /* brushOrange.png in Resources */,
				FBDF1AB616A4E1F200172E86 /* brushPink.png in Resources */,
				FBDF1AB716A4E1F200172E86 /* brushPurple.png in Resources */,
				FBDF1AB816A4E1F200172E86 /* brushRed.png in Resources */,
				FBDF1AB916A4E1F200172E86 /* brushTan.png in Resources */,
				FBDF1ABA16A4E1F200172E86 /* brushTeal.png in Resources */,
				FBDF1ABB16A4E1F200172E86 /* brushWhite.png in Resources */,
				FBDF1ABC16A4E1F200172E86 /* brushYellow.png in Resources */,
				FBDF1ABD16A4E1F200172E86 /* pencilBlack.png in Resources */,
				FBDF1ABE16A4E1F200172E86 /* pencilBrown.png in Resources */,
				FBDF1ABF16A4E1F200172E86 /* pencilDarkBlue.png in Resources */,
				FBDF1AC016A4E1F200172E86 /* pencilGreen.png in Resources */,
				FBDF1AC116A4E1F200172E86 /* pencilGrey.png in Resources */,
				FBDF1AC216A4E1F200172E86 /* pencilLightBlue.png in Resources */,
				FBDF1AC316A4E1F200172E86 /* pencilOrange.png in Resources */,
				FBDF1AC416A4E1F200172E86 /* pencilPink.png in Resources */,
				FBDF1AC516A4E1F200172E86 /* pencilPurple.png in Resources */,
				FBDF1AC616A4E1F200172E86 /* pencilRed.png in Resources */,
				FBDF1AC716A4E1F200172E86 /* pencilTan.png in Resources */,
				FBDF1AC816A4E1F200172E86 /* pencilTeal.png in Resources */,
				FBDF1AC916A4E1F200172E86 /* pencilWhite.png in Resources */,
				FBDF1ACA16A4E1F200172E86 /* pencilYellow.png in Resources */,
			);
			runOnlyForDeploymentPostprocessing = 0;
		};
/* End PBXResourcesBuildPhase section */

/* Begin PBXSourcesBuildPhase section */
		7A547FB6166DA3E1000159B7 /* Sources */ = {
			isa = PBXSourcesBuildPhase;
			buildActionMask = 2147483647;
			files = (
				7A547FCB166DA3E1000159B7 /* main.m in Sources */,
				7A547FCF166DA3E1000159B7 /* TSCAppDelegate.m in Sources */,
				7A547FDB166DA3E1000159B7 /* TSCViewController.m in Sources */,
				7A548026166E8851000159B7 /* NSObject+SBJson.m in Sources */,
				7A548027166E8851000159B7 /* SBJsonParser.m in Sources */,
				7A548028166E8851000159B7 /* SBJsonStreamParser.m in Sources */,
				7A548029166E8851000159B7 /* SBJsonStreamParserAccumulator.m in Sources */,
				7A54802A166E8851000159B7 /* SBJsonStreamParserAdapter.m in Sources */,
				7A54802B166E8851000159B7 /* SBJsonStreamParserState.m in Sources */,
				7A54802C166E8851000159B7 /* SBJsonStreamWriter.m in Sources */,
				7A54802D166E8851000159B7 /* SBJsonStreamWriterAccumulator.m in Sources */,
				7A54802E166E8851000159B7 /* SBJsonStreamWriterState.m in Sources */,
				7A54802F166E8851000159B7 /* SBJsonTokeniser.m in Sources */,
				7A548030166E8851000159B7 /* SBJsonUTF8Stream.m in Sources */,
				7A548031166E8851000159B7 /* SBJsonWriter.m in Sources */,
				7AF25546167290A600CF6BE6 /* TSCUtility.m in Sources */,
				3FA97D75167CEAF200039F44 /* TSCBookContentViewController.m in Sources */,
				3F7A2C481680092300C7CBA4 /* TSCProgressViewController.m in Sources */,
				7A94267916811AEF00457162 /* TSCDrawViewController.m in Sources */,
				7A94267D16811B3E00457162 /* TSCTestViewController.m in Sources */,
				7A31CCD7168656BD0037E7E5 /* TSCBlankLetterViewController.m in Sources */,
				7AB137C81690B5500049A6C5 /* TSCMultChoiceViewController.m in Sources */,
				7A046C85169F5201001E2F6E /* TSCFillinBlanksViewController.m in Sources */,
				4C0B477F16A20FC500118E8E /* TSCCustomFontVAGRoundedLight.m in Sources */,
				4C0B478316A2170E00118E8E /* TSCCustomFontVAGRoundedBlackBold.m in Sources */,
				4CB7C68516A341A100B4C41B /* TSCDrawingToolsDockViewController.m in Sources */,
			);
			runOnlyForDeploymentPostprocessing = 0;
		};
/* End PBXSourcesBuildPhase section */

/* Begin PBXVariantGroup section */
		7A547FC7166DA3E1000159B7 /* InfoPlist.strings */ = {
			isa = PBXVariantGroup;
			children = (
				7A547FC8166DA3E1000159B7 /* en */,
			);
			name = InfoPlist.strings;
			sourceTree = "<group>";
		};
		7AB137BD168C1A410049A6C5 /* MainStoryboard.storyboard */ = {
			isa = PBXVariantGroup;
			children = (
				7AB137BE168C1A410049A6C5 /* en */,
			);
			name = MainStoryboard.storyboard;
			path = ..;
			sourceTree = "<group>";
		};
/* End PBXVariantGroup section */

/* Begin XCBuildConfiguration section */
		7A547FDC166DA3E1000159B7 /* Debug */ = {
			isa = XCBuildConfiguration;
			buildSettings = {
				ALWAYS_SEARCH_USER_PATHS = NO;
				CLANG_CXX_LANGUAGE_STANDARD = "gnu++0x";
				CLANG_CXX_LIBRARY = "libc++";
				CLANG_ENABLE_OBJC_ARC = YES;
				CLANG_WARN_EMPTY_BODY = YES;
				CLANG_WARN__DUPLICATE_METHOD_MATCH = YES;
				"CODE_SIGN_IDENTITY[sdk=iphoneos*]" = "iPhone Developer";
				COPY_PHASE_STRIP = NO;
				GCC_C_LANGUAGE_STANDARD = gnu99;
				GCC_DYNAMIC_NO_PIC = NO;
				GCC_OPTIMIZATION_LEVEL = 0;
				GCC_PREPROCESSOR_DEFINITIONS = (
					"DEBUG=1",
					"$(inherited)",
				);
				GCC_SYMBOLS_PRIVATE_EXTERN = NO;
				GCC_WARN_ABOUT_RETURN_TYPE = YES;
				GCC_WARN_UNINITIALIZED_AUTOS = YES;
				GCC_WARN_UNUSED_VARIABLE = YES;
				IPHONEOS_DEPLOYMENT_TARGET = 6.0;
				ONLY_ACTIVE_ARCH = YES;
				SDKROOT = iphoneos;
				TARGETED_DEVICE_FAMILY = 2;
			};
			name = Debug;
		};
		7A547FDD166DA3E1000159B7 /* Release */ = {
			isa = XCBuildConfiguration;
			buildSettings = {
				ALWAYS_SEARCH_USER_PATHS = NO;
				CLANG_CXX_LANGUAGE_STANDARD = "gnu++0x";
				CLANG_CXX_LIBRARY = "libc++";
				CLANG_ENABLE_OBJC_ARC = YES;
				CLANG_WARN_EMPTY_BODY = YES;
				CLANG_WARN__DUPLICATE_METHOD_MATCH = YES;
				"CODE_SIGN_IDENTITY[sdk=iphoneos*]" = "iPhone Developer";
				COPY_PHASE_STRIP = YES;
				GCC_C_LANGUAGE_STANDARD = gnu99;
				GCC_WARN_ABOUT_RETURN_TYPE = YES;
				GCC_WARN_UNINITIALIZED_AUTOS = YES;
				GCC_WARN_UNUSED_VARIABLE = YES;
				IPHONEOS_DEPLOYMENT_TARGET = 6.0;
				OTHER_CFLAGS = "-DNS_BLOCK_ASSERTIONS=1";
				SDKROOT = iphoneos;
				TARGETED_DEVICE_FAMILY = 2;
				VALIDATE_PRODUCT = YES;
			};
			name = Release;
		};
		7A547FDF166DA3E1000159B7 /* Debug */ = {
			isa = XCBuildConfiguration;
			buildSettings = {
				GCC_PRECOMPILE_PREFIX_HEADER = YES;
				GCC_PREFIX_HEADER = "TeamSpaceCadets/TeamSpaceCadets-Prefix.pch";
				INFOPLIST_FILE = "TeamSpaceCadets/TeamSpaceCadets-Info.plist";
				PRODUCT_NAME = "$(TARGET_NAME)";
				WRAPPER_EXTENSION = app;
			};
			name = Debug;
		};
		7A547FE0166DA3E1000159B7 /* Release */ = {
			isa = XCBuildConfiguration;
			buildSettings = {
				GCC_PRECOMPILE_PREFIX_HEADER = YES;
				GCC_PREFIX_HEADER = "TeamSpaceCadets/TeamSpaceCadets-Prefix.pch";
				INFOPLIST_FILE = "TeamSpaceCadets/TeamSpaceCadets-Info.plist";
				PRODUCT_NAME = "$(TARGET_NAME)";
				WRAPPER_EXTENSION = app;
			};
			name = Release;
		};
/* End XCBuildConfiguration section */

/* Begin XCConfigurationList section */
		7A547FB4166DA3E1000159B7 /* Build configuration list for PBXProject "TeamSpaceCadets" */ = {
			isa = XCConfigurationList;
			buildConfigurations = (
				7A547FDC166DA3E1000159B7 /* Debug */,
				7A547FDD166DA3E1000159B7 /* Release */,
			);
			defaultConfigurationIsVisible = 0;
			defaultConfigurationName = Release;
		};
		7A547FDE166DA3E1000159B7 /* Build configuration list for PBXNativeTarget "TeamSpaceCadets" */ = {
			isa = XCConfigurationList;
			buildConfigurations = (
				7A547FDF166DA3E1000159B7 /* Debug */,
				7A547FE0166DA3E1000159B7 /* Release */,
			);
			defaultConfigurationIsVisible = 0;
			defaultConfigurationName = Release;
		};
/* End XCConfigurationList section */
	};
	rootObject = 7A547FB1166DA3E1000159B7 /* Project object */;
}
