// !$*UTF8*$!
{
	archiveVersion = 1;
	classes = {
	};
	objectVersion = 46;
	objects = {

/* Begin PBXBuildFile section */
		7A547FBF166DA3E1000159B7 /* UIKit.framework in Frameworks */ = {isa = PBXBuildFile; fileRef = 7A547FBE166DA3E1000159B7 /* UIKit.framework */; };
		7A547FC1166DA3E1000159B7 /* Foundation.framework in Frameworks */ = {isa = PBXBuildFile; fileRef = 7A547FC0166DA3E1000159B7 /* Foundation.framework */; };
		7A547FC3166DA3E1000159B7 /* CoreGraphics.framework in Frameworks */ = {isa = PBXBuildFile; fileRef = 7A547FC2166DA3E1000159B7 /* CoreGraphics.framework */; };
		7A547FC9166DA3E1000159B7 /* InfoPlist.strings in Resources */ = {isa = PBXBuildFile; fileRef = 7A547FC7166DA3E1000159B7 /* InfoPlist.strings */; };
		7A547FCB166DA3E1000159B7 /* main.m in Sources */ = {isa = PBXBuildFile; fileRef = 7A547FCA166DA3E1000159B7 /* main.m */; };
		7A547FCF166DA3E1000159B7 /* TSCAppDelegate.m in Sources */ = {isa = PBXBuildFile; fileRef = 7A547FCE166DA3E1000159B7 /* TSCAppDelegate.m */; };
		7A547FD1166DA3E1000159B7 /* Default.png in Resources */ = {isa = PBXBuildFile; fileRef = 7A547FD0166DA3E1000159B7 /* Default.png */; };
		7A547FD3166DA3E1000159B7 /* Default@2x.png in Resources */ = {isa = PBXBuildFile; fileRef = 7A547FD2166DA3E1000159B7 /* Default@2x.png */; };
		7A547FD5166DA3E1000159B7 /* Default-568h@2x.png in Resources */ = {isa = PBXBuildFile; fileRef = 7A547FD4166DA3E1000159B7 /* Default-568h@2x.png */; };
		7A547FD8166DA3E1000159B7 /* MainStoryboard.storyboard in Resources */ = {isa = PBXBuildFile; fileRef = 7A547FD6166DA3E1000159B7 /* MainStoryboard.storyboard */; };
		7A547FDB166DA3E1000159B7 /* TSCViewController.m in Sources */ = {isa = PBXBuildFile; fileRef = 7A547FDA166DA3E1000159B7 /* TSCViewController.m */; };
/* End PBXBuildFile section */

/* Begin PBXFileReference section */
		7A547FBA166DA3E1000159B7 /* TeamSpaceCadets.app */ = {isa = PBXFileReference; explicitFileType = wrapper.application; includeInIndex = 0; path = TeamSpaceCadets.app; sourceTree = BUILT_PRODUCTS_DIR; };
		7A547FBE166DA3E1000159B7 /* UIKit.framework */ = {isa = PBXFileReference; lastKnownFileType = wrapper.framework; name = UIKit.framework; path = System/Library/Frameworks/UIKit.framework; sourceTree = SDKROOT; };
		7A547FC0166DA3E1000159B7 /* Foundation.framework */ = {isa = PBXFileReference; lastKnownFileType = wrapper.framework; name = Foundation.framework; path = System/Library/Frameworks/Foundation.framework; sourceTree = SDKROOT; };
		7A547FC2166DA3E1000159B7 /* CoreGraphics.framework */ = {isa = PBXFileReference; lastKnownFileType = wrapper.framework; name = CoreGraphics.framework; path = System/Library/Frameworks/CoreGraphics.framework; sourceTree = SDKROOT; };
		7A547FC6166DA3E1000159B7 /* TeamSpaceCadets-Info.plist */ = {isa = PBXFileReference; lastKnownFileType = text.plist.xml; path = "TeamSpaceCadets-Info.plist"; sourceTree = "<group>"; };
		7A547FC8166DA3E1000159B7 /* en */ = {isa = PBXFileReference; lastKnownFileType = text.plist.strings; name = en; path = en.lproj/InfoPlist.strings; sourceTree = "<group>"; };
		7A547FCA166DA3E1000159B7 /* main.m */ = {isa = PBXFileReference; lastKnownFileType = sourcecode.c.objc; path = main.m; sourceTree = "<group>"; };
		7A547FCC166DA3E1000159B7 /* TeamSpaceCadets-Prefix.pch */ = {isa = PBXFileReference; lastKnownFileType = sourcecode.c.h; path = "TeamSpaceCadets-Prefix.pch"; sourceTree = "<group>"; };
		7A547FCD166DA3E1000159B7 /* TSCAppDelegate.h */ = {isa = PBXFileReference; lastKnownFileType = sourcecode.c.h; path = TSCAppDelegate.h; sourceTree = "<group>"; };
		7A547FCE166DA3E1000159B7 /* TSCAppDelegate.m */ = {isa = PBXFileReference; lastKnownFileType = sourcecode.c.objc; path = TSCAppDelegate.m; sourceTree = "<group>"; };
		7A547FD0166DA3E1000159B7 /* Default.png */ = {isa = PBXFileReference; lastKnownFileType = image.png; path = Default.png; sourceTree = "<group>"; };
		7A547FD2166DA3E1000159B7 /* Default@2x.png */ = {isa = PBXFileReference; lastKnownFileType = image.png; path = "Default@2x.png"; sourceTree = "<group>"; };
		7A547FD4166DA3E1000159B7 /* Default-568h@2x.png */ = {isa = PBXFileReference; lastKnownFileType = image.png; path = "Default-568h@2x.png"; sourceTree = "<group>"; };
		7A547FD7166DA3E1000159B7 /* en */ = {isa = PBXFileReference; lastKnownFileType = file.storyboard; name = en; path = en.lproj/MainStoryboard.storyboard; sourceTree = "<group>"; };
		7A547FD9166DA3E1000159B7 /* TSCViewController.h */ = {isa = PBXFileReference; lastKnownFileType = sourcecode.c.h; path = TSCViewController.h; sourceTree = "<group>"; };
		7A547FDA166DA3E1000159B7 /* TSCViewController.m */ = {isa = PBXFileReference; lastKnownFileType = sourcecode.c.objc; path = TSCViewController.m; sourceTree = "<group>"; };
/* End PBXFileReference section */

/* Begin PBXFrameworksBuildPhase section */
		7A547FB7166DA3E1000159B7 /* Frameworks */ = {
			isa = PBXFrameworksBuildPhase;
			buildActionMask = 2147483647;
			files = (
				7A547FBF166DA3E1000159B7 /* UIKit.framework in Frameworks */,
				7A547FC1166DA3E1000159B7 /* Foundation.framework in Frameworks */,
				7A547FC3166DA3E1000159B7 /* CoreGraphics.framework in Frameworks */,
			);
			runOnlyForDeploymentPostprocessing = 0;
		};
/* End PBXFrameworksBuildPhase section */

/* Begin PBXGroup section */
		7A547FAF166DA3E1000159B7 = {
			isa = PBXGroup;
			children = (
				7A547FC4166DA3E1000159B7 /* TeamSpaceCadets */,
				7A547FBD166DA3E1000159B7 /* Frameworks */,
				7A547FBB166DA3E1000159B7 /* Products */,
			);
			sourceTree = "<group>";
		};
		7A547FBB166DA3E1000159B7 /* Products */ = {
			isa = PBXGroup;
			children = (
				7A547FBA166DA3E1000159B7 /* TeamSpaceCadets.app */,
			);
			name = Products;
			sourceTree = "<group>";
		};
		7A547FBD166DA3E1000159B7 /* Frameworks */ = {
			isa = PBXGroup;
			children = (
				7A547FBE166DA3E1000159B7 /* UIKit.framework */,
				7A547FC0166DA3E1000159B7 /* Foundation.framework */,
				7A547FC2166DA3E1000159B7 /* CoreGraphics.framework */,
			);
			name = Frameworks;
			sourceTree = "<group>";
		};
		7A547FC4166DA3E1000159B7 /* TeamSpaceCadets */ = {
			isa = PBXGroup;
			children = (
				7A547FCD166DA3E1000159B7 /* TSCAppDelegate.h */,
				7A547FCE166DA3E1000159B7 /* TSCAppDelegate.m */,
				7A547FD6166DA3E1000159B7 /* MainStoryboard.storyboard */,
				7A547FD9166DA3E1000159B7 /* TSCViewController.h */,
				7A547FDA166DA3E1000159B7 /* TSCViewController.m */,
				7A547FC5166DA3E1000159B7 /* Supporting Files */,
			);
			path = TeamSpaceCadets;
			sourceTree = "<group>";
		};
		7A547FC5166DA3E1000159B7 /* Supporting Files */ = {
			isa = PBXGroup;
			children = (
				7A547FC6166DA3E1000159B7 /* TeamSpaceCadets-Info.plist */,
				7A547FC7166DA3E1000159B7 /* InfoPlist.strings */,
				7A547FCA166DA3E1000159B7 /* main.m */,
				7A547FCC166DA3E1000159B7 /* TeamSpaceCadets-Prefix.pch */,
				7A547FD0166DA3E1000159B7 /* Default.png */,
				7A547FD2166DA3E1000159B7 /* Default@2x.png */,
				7A547FD4166DA3E1000159B7 /* Default-568h@2x.png */,
			);
			name = "Supporting Files";
			sourceTree = "<group>";
		};
/* End PBXGroup section */

/* Begin PBXNativeTarget section */
		7A547FB9166DA3E1000159B7 /* TeamSpaceCadets */ = {
			isa = PBXNativeTarget;
			buildConfigurationList = 7A547FDE166DA3E1000159B7 /* Build configuration list for PBXNativeTarget "TeamSpaceCadets" */;
			buildPhases = (
				7A547FB6166DA3E1000159B7 /* Sources */,
				7A547FB7166DA3E1000159B7 /* Frameworks */,
				7A547FB8166DA3E1000159B7 /* Resources */,
			);
			buildRules = (
			);
			dependencies = (
			);
			name = TeamSpaceCadets;
			productName = TeamSpaceCadets;
			productReference = 7A547FBA166DA3E1000159B7 /* TeamSpaceCadets.app */;
			productType = "com.apple.product-type.application";
		};
/* End PBXNativeTarget section */

/* Begin PBXProject section */
		7A547FB1166DA3E1000159B7 /* Project object */ = {
			isa = PBXProject;
			attributes = {
				CLASSPREFIX = TSC;
				LastUpgradeCheck = 0450;
				ORGANIZATIONNAME = "RIT Space Cadets";
			};
			buildConfigurationList = 7A547FB4166DA3E1000159B7 /* Build configuration list for PBXProject "TeamSpaceCadets" */;
			compatibilityVersion = "Xcode 3.2";
			developmentRegion = English;
			hasScannedForEncodings = 0;
			knownRegions = (
				en,
			);
			mainGroup = 7A547FAF166DA3E1000159B7;
			productRefGroup = 7A547FBB166DA3E1000159B7 /* Products */;
			projectDirPath = "";
			projectRoot = "";
			targets = (
				7A547FB9166DA3E1000159B7 /* TeamSpaceCadets */,
			);
		};
/* End PBXProject section */

/* Begin PBXResourcesBuildPhase section */
		7A547FB8166DA3E1000159B7 /* Resources */ = {
			isa = PBXResourcesBuildPhase;
			buildActionMask = 2147483647;
			files = (
				7A547FC9166DA3E1000159B7 /* InfoPlist.strings in Resources */,
				7A547FD1166DA3E1000159B7 /* Default.png in Resources */,
				7A547FD3166DA3E1000159B7 /* Default@2x.png in Resources */,
				7A547FD5166DA3E1000159B7 /* Default-568h@2x.png in Resources */,
				7A547FD8166DA3E1000159B7 /* MainStoryboard.storyboard in Resources */,
			);
			runOnlyForDeploymentPostprocessing = 0;
		};
/* End PBXResourcesBuildPhase section */

/* Begin PBXSourcesBuildPhase section */
		7A547FB6166DA3E1000159B7 /* Sources */ = {
			isa = PBXSourcesBuildPhase;
			buildActionMask = 2147483647;
			files = (
				7A547FCB166DA3E1000159B7 /* main.m in Sources */,
				7A547FCF166DA3E1000159B7 /* TSCAppDelegate.m in Sources */,
				7A547FDB166DA3E1000159B7 /* TSCViewController.m in Sources */,
			);
			runOnlyForDeploymentPostprocessing = 0;
		};
/* End PBXSourcesBuildPhase section */

/* Begin PBXVariantGroup section */
		7A547FC7166DA3E1000159B7 /* InfoPlist.strings */ = {
			isa = PBXVariantGroup;
			children = (
				7A547FC8166DA3E1000159B7 /* en */,
			);
			name = InfoPlist.strings;
			sourceTree = "<group>";
		};
		7A547FD6166DA3E1000159B7 /* MainStoryboard.storyboard */ = {
			isa = PBXVariantGroup;
			children = (
				7A547FD7166DA3E1000159B7 /* en */,
			);
			name = MainStoryboard.storyboard;
			sourceTree = "<group>";
		};
/* End PBXVariantGroup section */

/* Begin XCBuildConfiguration section */
		7A547FDC166DA3E1000159B7 /* Debug */ = {
			isa = XCBuildConfiguration;
			buildSettings = {
				ALWAYS_SEARCH_USER_PATHS = NO;
				CLANG_CXX_LANGUAGE_STANDARD = "gnu++0x";
				CLANG_CXX_LIBRARY = "libc++";
				CLANG_ENABLE_OBJC_ARC = YES;
				CLANG_WARN_EMPTY_BODY = YES;
				CLANG_WARN__DUPLICATE_METHOD_MATCH = YES;
				"CODE_SIGN_IDENTITY[sdk=iphoneos*]" = "iPhone Developer";
				COPY_PHASE_STRIP = NO;
				GCC_C_LANGUAGE_STANDARD = gnu99;
				GCC_DYNAMIC_NO_PIC = NO;
				GCC_OPTIMIZATION_LEVEL = 0;
				GCC_PREPROCESSOR_DEFINITIONS = (
					"DEBUG=1",
					"$(inherited)",
				);
				GCC_SYMBOLS_PRIVATE_EXTERN = NO;
				GCC_WARN_ABOUT_RETURN_TYPE = YES;
				GCC_WARN_UNINITIALIZED_AUTOS = YES;
				GCC_WARN_UNUSED_VARIABLE = YES;
				IPHONEOS_DEPLOYMENT_TARGET = 6.0;
				ONLY_ACTIVE_ARCH = YES;
				SDKROOT = iphoneos;
				TARGETED_DEVICE_FAMILY = 2;
			};
			name = Debug;
		};
		7A547FDD166DA3E1000159B7 /* Release */ = {
			isa = XCBuildConfiguration;
			buildSettings = {
				ALWAYS_SEARCH_USER_PATHS = NO;
				CLANG_CXX_LANGUAGE_STANDARD = "gnu++0x";
				CLANG_CXX_LIBRARY = "libc++";
				CLANG_ENABLE_OBJC_ARC = YES;
				CLANG_WARN_EMPTY_BODY = YES;
				CLANG_WARN__DUPLICATE_METHOD_MATCH = YES;
				"CODE_SIGN_IDENTITY[sdk=iphoneos*]" = "iPhone Developer";
				COPY_PHASE_STRIP = YES;
				GCC_C_LANGUAGE_STANDARD = gnu99;
				GCC_WARN_ABOUT_RETURN_TYPE = YES;
				GCC_WARN_UNINITIALIZED_AUTOS = YES;
				GCC_WARN_UNUSED_VARIABLE = YES;
				IPHONEOS_DEPLOYMENT_TARGET = 6.0;
				OTHER_CFLAGS = "-DNS_BLOCK_ASSERTIONS=1";
				SDKROOT = iphoneos;
				TARGETED_DEVICE_FAMILY = 2;
				VALIDATE_PRODUCT = YES;
			};
			name = Release;
		};
		7A547FDF166DA3E1000159B7 /* Debug */ = {
			isa = XCBuildConfiguration;
			buildSettings = {
				GCC_PRECOMPILE_PREFIX_HEADER = YES;
				GCC_PREFIX_HEADER = "TeamSpaceCadets/TeamSpaceCadets-Prefix.pch";
				INFOPLIST_FILE = "TeamSpaceCadets/TeamSpaceCadets-Info.plist";
				PRODUCT_NAME = "$(TARGET_NAME)";
				WRAPPER_EXTENSION = app;
			};
			name = Debug;
		};
		7A547FE0166DA3E1000159B7 /* Release */ = {
			isa = XCBuildConfiguration;
			buildSettings = {
				GCC_PRECOMPILE_PREFIX_HEADER = YES;
				GCC_PREFIX_HEADER = "TeamSpaceCadets/TeamSpaceCadets-Prefix.pch";
				INFOPLIST_FILE = "TeamSpaceCadets/TeamSpaceCadets-Info.plist";
				PRODUCT_NAME = "$(TARGET_NAME)";
				WRAPPER_EXTENSION = app;
			};
			name = Release;
		};
/* End XCBuildConfiguration section */

/* Begin XCConfigurationList section */
		7A547FB4166DA3E1000159B7 /* Build configuration list for PBXProject "TeamSpaceCadets" */ = {
			isa = XCConfigurationList;
			buildConfigurations = (
				7A547FDC166DA3E1000159B7 /* Debug */,
				7A547FDD166DA3E1000159B7 /* Release */,
			);
			defaultConfigurationIsVisible = 0;
			defaultConfigurationName = Release;
		};
		7A547FDE166DA3E1000159B7 /* Build configuration list for PBXNativeTarget "TeamSpaceCadets" */ = {
			isa = XCConfigurationList;
			buildConfigurations = (
				7A547FDF166DA3E1000159B7 /* Debug */,
				7A547FE0166DA3E1000159B7 /* Release */,
			);
			defaultConfigurationIsVisible = 0;
		};
/* End XCConfigurationList section */
	};
	rootObject = 7A547FB1166DA3E1000159B7 /* Project object */;
}
