// !$*UTF8*$!
{
	archiveVersion = 1;
	classes = {
	};
	objectVersion = 46;
	objects = {

/* Begin PBXBuildFile section */
		3F7A2C401680051D00C7CBA4 /* reading_page_background.png in Resources */ = {isa = PBXBuildFile; fileRef = 3F7A2C3F1680051D00C7CBA4 /* reading_page_background.png */; };
		3F7A2C481680092300C7CBA4 /* TSCProgressViewController.m in Sources */ = {isa = PBXBuildFile; fileRef = 3F7A2C461680092300C7CBA4 /* TSCProgressViewController.m */; };
		3F7A2C491680092300C7CBA4 /* TSCProgressViewController.xib in Resources */ = {isa = PBXBuildFile; fileRef = 3F7A2C471680092300C7CBA4 /* TSCProgressViewController.xib */; };
		3FA97D75167CEAF200039F44 /* TSCBookContentViewController.m in Sources */ = {isa = PBXBuildFile; fileRef = 3FA97D73167CEAF200039F44 /* TSCBookContentViewController.m */; };
		3FA97D76167CEAF200039F44 /* TSCBookContentViewController.xib in Resources */ = {isa = PBXBuildFile; fileRef = 3FA97D74167CEAF200039F44 /* TSCBookContentViewController.xib */; };
		7A046C85169F5201001E2F6E /* TSCFillinBlanksViewController.m in Sources */ = {isa = PBXBuildFile; fileRef = 7A046C83169F5201001E2F6E /* TSCFillinBlanksViewController.m */; };
		7A046C86169F5201001E2F6E /* TSCFillinBlanksViewController.xib in Resources */ = {isa = PBXBuildFile; fileRef = 7A046C84169F5201001E2F6E /* TSCFillinBlanksViewController.xib */; };
		7A31CCD7168656BD0037E7E5 /* TSCBlankLetterViewController.m in Sources */ = {isa = PBXBuildFile; fileRef = 7A31CCD5168656BD0037E7E5 /* TSCBlankLetterViewController.m */; };
		7A31CCD8168656BD0037E7E5 /* TSCBlankLetterViewController.xib in Resources */ = {isa = PBXBuildFile; fileRef = 7A31CCD6168656BD0037E7E5 /* TSCBlankLetterViewController.xib */; };
		7A547FBF166DA3E1000159B7 /* UIKit.framework in Frameworks */ = {isa = PBXBuildFile; fileRef = 7A547FBE166DA3E1000159B7 /* UIKit.framework */; };
		7A547FC1166DA3E1000159B7 /* Foundation.framework in Frameworks */ = {isa = PBXBuildFile; fileRef = 7A547FC0166DA3E1000159B7 /* Foundation.framework */; };
		7A547FC3166DA3E1000159B7 /* CoreGraphics.framework in Frameworks */ = {isa = PBXBuildFile; fileRef = 7A547FC2166DA3E1000159B7 /* CoreGraphics.framework */; };
		7A547FC9166DA3E1000159B7 /* InfoPlist.strings in Resources */ = {isa = PBXBuildFile; fileRef = 7A547FC7166DA3E1000159B7 /* InfoPlist.strings */; };
		7A547FCB166DA3E1000159B7 /* main.m in Sources */ = {isa = PBXBuildFile; fileRef = 7A547FCA166DA3E1000159B7 /* main.m */; };
		7A547FCF166DA3E1000159B7 /* TSCAppDelegate.m in Sources */ = {isa = PBXBuildFile; fileRef = 7A547FCE166DA3E1000159B7 /* TSCAppDelegate.m */; };
		7A547FD1166DA3E1000159B7 /* Default.png in Resources */ = {isa = PBXBuildFile; fileRef = 7A547FD0166DA3E1000159B7 /* Default.png */; };
		7A547FD3166DA3E1000159B7 /* Default@2x.png in Resources */ = {isa = PBXBuildFile; fileRef = 7A547FD2166DA3E1000159B7 /* Default@2x.png */; };
		7A547FD5166DA3E1000159B7 /* Default-568h@2x.png in Resources */ = {isa = PBXBuildFile; fileRef = 7A547FD4166DA3E1000159B7 /* Default-568h@2x.png */; };
		7A547FDB166DA3E1000159B7 /* TSCViewController.m in Sources */ = {isa = PBXBuildFile; fileRef = 7A547FDA166DA3E1000159B7 /* TSCViewController.m */; };
		7A548026166E8851000159B7 /* NSObject+SBJson.m in Sources */ = {isa = PBXBuildFile; fileRef = 7A54800E166E8851000159B7 /* NSObject+SBJson.m */; };
		7A548027166E8851000159B7 /* SBJsonParser.m in Sources */ = {isa = PBXBuildFile; fileRef = 7A548011166E8851000159B7 /* SBJsonParser.m */; };
		7A548028166E8851000159B7 /* SBJsonStreamParser.m in Sources */ = {isa = PBXBuildFile; fileRef = 7A548013166E8851000159B7 /* SBJsonStreamParser.m */; };
		7A548029166E8851000159B7 /* SBJsonStreamParserAccumulator.m in Sources */ = {isa = PBXBuildFile; fileRef = 7A548015166E8851000159B7 /* SBJsonStreamParserAccumulator.m */; };
		7A54802A166E8851000159B7 /* SBJsonStreamParserAdapter.m in Sources */ = {isa = PBXBuildFile; fileRef = 7A548017166E8851000159B7 /* SBJsonStreamParserAdapter.m */; };
		7A54802B166E8851000159B7 /* SBJsonStreamParserState.m in Sources */ = {isa = PBXBuildFile; fileRef = 7A548019166E8851000159B7 /* SBJsonStreamParserState.m */; };
		7A54802C166E8851000159B7 /* SBJsonStreamWriter.m in Sources */ = {isa = PBXBuildFile; fileRef = 7A54801B166E8851000159B7 /* SBJsonStreamWriter.m */; };
		7A54802D166E8851000159B7 /* SBJsonStreamWriterAccumulator.m in Sources */ = {isa = PBXBuildFile; fileRef = 7A54801D166E8851000159B7 /* SBJsonStreamWriterAccumulator.m */; };
		7A54802E166E8851000159B7 /* SBJsonStreamWriterState.m in Sources */ = {isa = PBXBuildFile; fileRef = 7A54801F166E8851000159B7 /* SBJsonStreamWriterState.m */; };
		7A54802F166E8851000159B7 /* SBJsonTokeniser.m in Sources */ = {isa = PBXBuildFile; fileRef = 7A548021166E8851000159B7 /* SBJsonTokeniser.m */; };
		7A548030166E8851000159B7 /* SBJsonUTF8Stream.m in Sources */ = {isa = PBXBuildFile; fileRef = 7A548023166E8851000159B7 /* SBJsonUTF8Stream.m */; };
		7A548031166E8851000159B7 /* SBJsonWriter.m in Sources */ = {isa = PBXBuildFile; fileRef = 7A548025166E8851000159B7 /* SBJsonWriter.m */; };
		7A94267916811AEF00457162 /* TSCDrawViewController.m in Sources */ = {isa = PBXBuildFile; fileRef = 7A94267816811AEF00457162 /* TSCDrawViewController.m */; };
		7A94267D16811B3E00457162 /* TSCTestViewController.m in Sources */ = {isa = PBXBuildFile; fileRef = 7A94267C16811B3E00457162 /* TSCTestViewController.m */; };
		7AB137AB168B6A0D0049A6C5 /* N.png in Resources */ = {isa = PBXBuildFile; fileRef = 7AB137A8168B6A0D0049A6C5 /* N.png */; };
		7AB137AC168B6A0D0049A6C5 /* M.png in Resources */ = {isa = PBXBuildFile; fileRef = 7AB137A9168B6A0D0049A6C5 /* M.png */; };
		7AB137B3168B76830049A6C5 /* O.png in Resources */ = {isa = PBXBuildFile; fileRef = 7AB137B2168B76830049A6C5 /* O.png */; };
		7AB137BF168C1A410049A6C5 /* MainStoryboard.storyboard in Resources */ = {isa = PBXBuildFile; fileRef = 7AB137BD168C1A410049A6C5 /* MainStoryboard.storyboard */; };
		7AB137C81690B5500049A6C5 /* TSCMultChoiceViewController.m in Sources */ = {isa = PBXBuildFile; fileRef = 7AB137C61690B5500049A6C5 /* TSCMultChoiceViewController.m */; };
		7AB137C91690B5500049A6C5 /* TSCMultChoiceViewController.xib in Resources */ = {isa = PBXBuildFile; fileRef = 7AB137C71690B5500049A6C5 /* TSCMultChoiceViewController.xib */; };
		7AE6569D16A0C7CA0053F70C /* testblank.png in Resources */ = {isa = PBXBuildFile; fileRef = 7AE6569C16A0C7CA0053F70C /* testblank.png */; };
		7AE656A016A0C82B0053F70C /* FIB.jpg in Resources */ = {isa = PBXBuildFile; fileRef = 7AE6569E16A0C82B0053F70C /* FIB.jpg */; };
		7AE656A116A0C82B0053F70C /* testBG.jpg in Resources */ = {isa = PBXBuildFile; fileRef = 7AE6569F16A0C82B0053F70C /* testBG.jpg */; };
		7AF25546167290A600CF6BE6 /* TSCUtility.m in Sources */ = {isa = PBXBuildFile; fileRef = 7AF25545167290A600CF6BE6 /* TSCUtility.m */; };
/* End PBXBuildFile section */

/* Begin PBXFileReference section */
		3F7A2C3F1680051D00C7CBA4 /* reading_page_background.png */ = {isa = PBXFileReference; lastKnownFileType = image.png; path = reading_page_background.png; sourceTree = "<group>"; };
		3F7A2C451680092300C7CBA4 /* TSCProgressViewController.h */ = {isa = PBXFileReference; fileEncoding = 4; lastKnownFileType = sourcecode.c.h; path = TSCProgressViewController.h; sourceTree = "<group>"; };
		3F7A2C461680092300C7CBA4 /* TSCProgressViewController.m */ = {isa = PBXFileReference; fileEncoding = 4; lastKnownFileType = sourcecode.c.objc; path = TSCProgressViewController.m; sourceTree = "<group>"; };
		3F7A2C471680092300C7CBA4 /* TSCProgressViewController.xib */ = {isa = PBXFileReference; fileEncoding = 4; lastKnownFileType = file.xib; path = TSCProgressViewController.xib; sourceTree = "<group>"; };
		3FA97D72167CEAF200039F44 /* TSCBookContentViewController.h */ = {isa = PBXFileReference; fileEncoding = 4; lastKnownFileType = sourcecode.c.h; path = TSCBookContentViewController.h; sourceTree = "<group>"; };
		3FA97D73167CEAF200039F44 /* TSCBookContentViewController.m */ = {isa = PBXFileReference; fileEncoding = 4; lastKnownFileType = sourcecode.c.objc; path = TSCBookContentViewController.m; sourceTree = "<group>"; };
		3FA97D74167CEAF200039F44 /* TSCBookContentViewController.xib */ = {isa = PBXFileReference; fileEncoding = 4; lastKnownFileType = file.xib; path = TSCBookContentViewController.xib; sourceTree = "<group>"; };
		7A046C82169F5201001E2F6E /* TSCFillinBlanksViewController.h */ = {isa = PBXFileReference; fileEncoding = 4; lastKnownFileType = sourcecode.c.h; path = TSCFillinBlanksViewController.h; sourceTree = "<group>"; };
		7A046C83169F5201001E2F6E /* TSCFillinBlanksViewController.m */ = {isa = PBXFileReference; fileEncoding = 4; lastKnownFileType = sourcecode.c.objc; path = TSCFillinBlanksViewController.m; sourceTree = "<group>"; };
		7A046C84169F5201001E2F6E /* TSCFillinBlanksViewController.xib */ = {isa = PBXFileReference; fileEncoding = 4; lastKnownFileType = file.xib; path = TSCFillinBlanksViewController.xib; sourceTree = "<group>"; };
		7A31CCD4168656BD0037E7E5 /* TSCBlankLetterViewController.h */ = {isa = PBXFileReference; fileEncoding = 4; lastKnownFileType = sourcecode.c.h; name = TSCBlankLetterViewController.h; path = ../TSCBlankLetterViewController.h; sourceTree = "<group>"; };
		7A31CCD5168656BD0037E7E5 /* TSCBlankLetterViewController.m */ = {isa = PBXFileReference; fileEncoding = 4; lastKnownFileType = sourcecode.c.objc; name = TSCBlankLetterViewController.m; path = ../TSCBlankLetterViewController.m; sourceTree = "<group>"; };
		7A31CCD6168656BD0037E7E5 /* TSCBlankLetterViewController.xib */ = {isa = PBXFileReference; fileEncoding = 4; lastKnownFileType = file.xib; name = TSCBlankLetterViewController.xib; path = ../TSCBlankLetterViewController.xib; sourceTree = "<group>"; };
		7A547FBA166DA3E1000159B7 /* TeamSpaceCadets.app */ = {isa = PBXFileReference; explicitFileType = wrapper.application; includeInIndex = 0; path = TeamSpaceCadets.app; sourceTree = BUILT_PRODUCTS_DIR; };
		7A547FBE166DA3E1000159B7 /* UIKit.framework */ = {isa = PBXFileReference; lastKnownFileType = wrapper.framework; name = UIKit.framework; path = System/Library/Frameworks/UIKit.framework; sourceTree = SDKROOT; };
		7A547FC0166DA3E1000159B7 /* Foundation.framework */ = {isa = PBXFileReference; lastKnownFileType = wrapper.framework; name = Foundation.framework; path = System/Library/Frameworks/Foundation.framework; sourceTree = SDKROOT; };
		7A547FC2166DA3E1000159B7 /* CoreGraphics.framework */ = {isa = PBXFileReference; lastKnownFileType = wrapper.framework; name = CoreGraphics.framework; path = System/Library/Frameworks/CoreGraphics.framework; sourceTree = SDKROOT; };
		7A547FC6166DA3E1000159B7 /* TeamSpaceCadets-Info.plist */ = {isa = PBXFileReference; lastKnownFileType = text.plist.xml; path = "TeamSpaceCadets-Info.plist"; sourceTree = "<group>"; };
		7A547FC8166DA3E1000159B7 /* en */ = {isa = PBXFileReference; lastKnownFileType = text.plist.strings; name = en; path = en.lproj/InfoPlist.strings; sourceTree = "<group>"; };
		7A547FCA166DA3E1000159B7 /* main.m */ = {isa = PBXFileReference; lastKnownFileType = sourcecode.c.objc; path = main.m; sourceTree = "<group>"; };
		7A547FCC166DA3E1000159B7 /* TeamSpaceCadets-Prefix.pch */ = {isa = PBXFileReference; lastKnownFileType = sourcecode.c.h; path = "TeamSpaceCadets-Prefix.pch"; sourceTree = "<group>"; };
		7A547FCD166DA3E1000159B7 /* TSCAppDelegate.h */ = {isa = PBXFileReference; lastKnownFileType = sourcecode.c.h; path = TSCAppDelegate.h; sourceTree = "<group>"; };
		7A547FCE166DA3E1000159B7 /* TSCAppDelegate.m */ = {isa = PBXFileReference; lastKnownFileType = sourcecode.c.objc; path = TSCAppDelegate.m; sourceTree = "<group>"; };
		7A547FD0166DA3E1000159B7 /* Default.png */ = {isa = PBXFileReference; lastKnownFileType = image.png; path = Default.png; sourceTree = "<group>"; };
		7A547FD2166DA3E1000159B7 /* Default@2x.png */ = {isa = PBXFileReference; lastKnownFileType = image.png; path = "Default@2x.png"; sourceTree = "<group>"; };
		7A547FD4166DA3E1000159B7 /* Default-568h@2x.png */ = {isa = PBXFileReference; lastKnownFileType = image.png; path = "Default-568h@2x.png"; sourceTree = "<group>"; };
		7A547FD9166DA3E1000159B7 /* TSCViewController.h */ = {isa = PBXFileReference; lastKnownFileType = sourcecode.c.h; path = TSCViewController.h; sourceTree = "<group>"; };
		7A547FDA166DA3E1000159B7 /* TSCViewController.m */ = {isa = PBXFileReference; lastKnownFileType = sourcecode.c.objc; path = TSCViewController.m; sourceTree = "<group>"; };
		7A54800D166E8851000159B7 /* NSObject+SBJson.h */ = {isa = PBXFileReference; fileEncoding = 4; lastKnownFileType = sourcecode.c.h; path = "NSObject+SBJson.h"; sourceTree = "<group>"; };
		7A54800E166E8851000159B7 /* NSObject+SBJson.m */ = {isa = PBXFileReference; fileEncoding = 4; lastKnownFileType = sourcecode.c.objc; path = "NSObject+SBJson.m"; sourceTree = "<group>"; };
		7A54800F166E8851000159B7 /* SBJson.h */ = {isa = PBXFileReference; fileEncoding = 4; lastKnownFileType = sourcecode.c.h; path = SBJson.h; sourceTree = "<group>"; };
		7A548010166E8851000159B7 /* SBJsonParser.h */ = {isa = PBXFileReference; fileEncoding = 4; lastKnownFileType = sourcecode.c.h; path = SBJsonParser.h; sourceTree = "<group>"; };
		7A548011166E8851000159B7 /* SBJsonParser.m */ = {isa = PBXFileReference; fileEncoding = 4; lastKnownFileType = sourcecode.c.objc; path = SBJsonParser.m; sourceTree = "<group>"; };
		7A548012166E8851000159B7 /* SBJsonStreamParser.h */ = {isa = PBXFileReference; fileEncoding = 4; lastKnownFileType = sourcecode.c.h; path = SBJsonStreamParser.h; sourceTree = "<group>"; };
		7A548013166E8851000159B7 /* SBJsonStreamParser.m */ = {isa = PBXFileReference; fileEncoding = 4; lastKnownFileType = sourcecode.c.objc; path = SBJsonStreamParser.m; sourceTree = "<group>"; };
		7A548014166E8851000159B7 /* SBJsonStreamParserAccumulator.h */ = {isa = PBXFileReference; fileEncoding = 4; lastKnownFileType = sourcecode.c.h; path = SBJsonStreamParserAccumulator.h; sourceTree = "<group>"; };
		7A548015166E8851000159B7 /* SBJsonStreamParserAccumulator.m */ = {isa = PBXFileReference; fileEncoding = 4; lastKnownFileType = sourcecode.c.objc; path = SBJsonStreamParserAccumulator.m; sourceTree = "<group>"; };
		7A548016166E8851000159B7 /* SBJsonStreamParserAdapter.h */ = {isa = PBXFileReference; fileEncoding = 4; lastKnownFileType = sourcecode.c.h; path = SBJsonStreamParserAdapter.h; sourceTree = "<group>"; };
		7A548017166E8851000159B7 /* SBJsonStreamParserAdapter.m */ = {isa = PBXFileReference; fileEncoding = 4; lastKnownFileType = sourcecode.c.objc; path = SBJsonStreamParserAdapter.m; sourceTree = "<group>"; };
		7A548018166E8851000159B7 /* SBJsonStreamParserState.h */ = {isa = PBXFileReference; fileEncoding = 4; lastKnownFileType = sourcecode.c.h; path = SBJsonStreamParserState.h; sourceTree = "<group>"; };
		7A548019166E8851000159B7 /* SBJsonStreamParserState.m */ = {isa = PBXFileReference; fileEncoding = 4; lastKnownFileType = sourcecode.c.objc; path = SBJsonStreamParserState.m; sourceTree = "<group>"; };
		7A54801A166E8851000159B7 /* SBJsonStreamWriter.h */ = {isa = PBXFileReference; fileEncoding = 4; lastKnownFileType = sourcecode.c.h; path = SBJsonStreamWriter.h; sourceTree = "<group>"; };
		7A54801B166E8851000159B7 /* SBJsonStreamWriter.m */ = {isa = PBXFileReference; fileEncoding = 4; lastKnownFileType = sourcecode.c.objc; path = SBJsonStreamWriter.m; sourceTree = "<group>"; };
		7A54801C166E8851000159B7 /* SBJsonStreamWriterAccumulator.h */ = {isa = PBXFileReference; fileEncoding = 4; lastKnownFileType = sourcecode.c.h; path = SBJsonStreamWriterAccumulator.h; sourceTree = "<group>"; };
		7A54801D166E8851000159B7 /* SBJsonStreamWriterAccumulator.m */ = {isa = PBXFileReference; fileEncoding = 4; lastKnownFileType = sourcecode.c.objc; path = SBJsonStreamWriterAccumulator.m; sourceTree = "<group>"; };
		7A54801E166E8851000159B7 /* SBJsonStreamWriterState.h */ = {isa = PBXFileReference; fileEncoding = 4; lastKnownFileType = sourcecode.c.h; path = SBJsonStreamWriterState.h; sourceTree = "<group>"; };
		7A54801F166E8851000159B7 /* SBJsonStreamWriterState.m */ = {isa = PBXFileReference; fileEncoding = 4; lastKnownFileType = sourcecode.c.objc; path = SBJsonStreamWriterState.m; sourceTree = "<group>"; };
		7A548020166E8851000159B7 /* SBJsonTokeniser.h */ = {isa = PBXFileReference; fileEncoding = 4; lastKnownFileType = sourcecode.c.h; path = SBJsonTokeniser.h; sourceTree = "<group>"; };
		7A548021166E8851000159B7 /* SBJsonTokeniser.m */ = {isa = PBXFileReference; fileEncoding = 4; lastKnownFileType = sourcecode.c.objc; path = SBJsonTokeniser.m; sourceTree = "<group>"; };
		7A548022166E8851000159B7 /* SBJsonUTF8Stream.h */ = {isa = PBXFileReference; fileEncoding = 4; lastKnownFileType = sourcecode.c.h; path = SBJsonUTF8Stream.h; sourceTree = "<group>"; };
		7A548023166E8851000159B7 /* SBJsonUTF8Stream.m */ = {isa = PBXFileReference; fileEncoding = 4; lastKnownFileType = sourcecode.c.objc; path = SBJsonUTF8Stream.m; sourceTree = "<group>"; };
		7A548024166E8851000159B7 /* SBJsonWriter.h */ = {isa = PBXFileReference; fileEncoding = 4; lastKnownFileType = sourcecode.c.h; path = SBJsonWriter.h; sourceTree = "<group>"; };
		7A548025166E8851000159B7 /* SBJsonWriter.m */ = {isa = PBXFileReference; fileEncoding = 4; lastKnownFileType = sourcecode.c.objc; path = SBJsonWriter.m; sourceTree = "<group>"; };
		7A94267716811AEE00457162 /* TSCDrawViewController.h */ = {isa = PBXFileReference; fileEncoding = 4; lastKnownFileType = sourcecode.c.h; path = TSCDrawViewController.h; sourceTree = "<group>"; };
		7A94267816811AEF00457162 /* TSCDrawViewController.m */ = {isa = PBXFileReference; fileEncoding = 4; lastKnownFileType = sourcecode.c.objc; path = TSCDrawViewController.m; sourceTree = "<group>"; };
		7A94267B16811B3E00457162 /* TSCTestViewController.h */ = {isa = PBXFileReference; fileEncoding = 4; lastKnownFileType = sourcecode.c.h; path = TSCTestViewController.h; sourceTree = "<group>"; };
		7A94267C16811B3E00457162 /* TSCTestViewController.m */ = {isa = PBXFileReference; fileEncoding = 4; lastKnownFileType = sourcecode.c.objc; path = TSCTestViewController.m; sourceTree = "<group>"; };
		7AB137A8168B6A0D0049A6C5 /* N.png */ = {isa = PBXFileReference; lastKnownFileType = image.png; path = N.png; sourceTree = "<group>"; };
		7AB137A9168B6A0D0049A6C5 /* M.png */ = {isa = PBXFileReference; lastKnownFileType = image.png; path = M.png; sourceTree = "<group>"; };
		7AB137B2168B76830049A6C5 /* O.png */ = {isa = PBXFileReference; lastKnownFileType = image.png; name = O.png; path = ../O.png; sourceTree = "<group>"; };
		7AB137BE168C1A410049A6C5 /* en */ = {isa = PBXFileReference; lastKnownFileType = file.storyboard; name = en; path = TeamSpaceCadets/en.lproj/MainStoryboard.storyboard; sourceTree = "<group>"; };
		7AB137C51690B5500049A6C5 /* TSCMultChoiceViewController.h */ = {isa = PBXFileReference; fileEncoding = 4; lastKnownFileType = sourcecode.c.h; path = TSCMultChoiceViewController.h; sourceTree = "<group>"; };
		7AB137C61690B5500049A6C5 /* TSCMultChoiceViewController.m */ = {isa = PBXFileReference; fileEncoding = 4; lastKnownFileType = sourcecode.c.objc; path = TSCMultChoiceViewController.m; sourceTree = "<group>"; };
		7AB137C71690B5500049A6C5 /* TSCMultChoiceViewController.xib */ = {isa = PBXFileReference; fileEncoding = 4; lastKnownFileType = file.xib; path = TSCMultChoiceViewController.xib; sourceTree = "<group>"; };
		7AE6569C16A0C7CA0053F70C /* testblank.png */ = {isa = PBXFileReference; lastKnownFileType = image.png; path = testblank.png; sourceTree = "<group>"; };
		7AE6569E16A0C82B0053F70C /* FIB.jpg */ = {isa = PBXFileReference; lastKnownFileType = image.jpeg; name = FIB.jpg; path = ../FIB.jpg; sourceTree = "<group>"; };
		7AE6569F16A0C82B0053F70C /* testBG.jpg */ = {isa = PBXFileReference; lastKnownFileType = image.jpeg; name = testBG.jpg; path = ../testBG.jpg; sourceTree = "<group>"; };
		7AF25544167290A600CF6BE6 /* TSCUtility.h */ = {isa = PBXFileReference; fileEncoding = 4; lastKnownFileType = sourcecode.c.h; path = TSCUtility.h; sourceTree = "<group>"; };
		7AF25545167290A600CF6BE6 /* TSCUtility.m */ = {isa = PBXFileReference; fileEncoding = 4; lastKnownFileType = sourcecode.c.objc; path = TSCUtility.m; sourceTree = "<group>"; };
/* End PBXFileReference section */

/* Begin PBXFrameworksBuildPhase section */
		7A547FB7166DA3E1000159B7 /* Frameworks */ = {
			isa = PBXFrameworksBuildPhase;
			buildActionMask = 2147483647;
			files = (
				7A547FBF166DA3E1000159B7 /* UIKit.framework in Frameworks */,
				7A547FC1166DA3E1000159B7 /* Foundation.framework in Frameworks */,
				7A547FC3166DA3E1000159B7 /* CoreGraphics.framework in Frameworks */,
			);
			runOnlyForDeploymentPostprocessing = 0;
		};
/* End PBXFrameworksBuildPhase section */

/* Begin PBXGroup section */
		7A547FAF166DA3E1000159B7 = {
			isa = PBXGroup;
			children = (
				7A54800C166E8851000159B7 /* SBJson */,
				7A547FC4166DA3E1000159B7 /* TeamSpaceCadets */,
				7A547FBD166DA3E1000159B7 /* Frameworks */,
				7A547FBB166DA3E1000159B7 /* Products */,
			);
			sourceTree = "<group>";
		};
		7A547FBB166DA3E1000159B7 /* Products */ = {
			isa = PBXGroup;
			children = (
				7A547FBA166DA3E1000159B7 /* TeamSpaceCadets.app */,
			);
			name = Products;
			sourceTree = "<group>";
		};
		7A547FBD166DA3E1000159B7 /* Frameworks */ = {
			isa = PBXGroup;
			children = (
				7A547FBE166DA3E1000159B7 /* UIKit.framework */,
				7A547FC0166DA3E1000159B7 /* Foundation.framework */,
				7A547FC2166DA3E1000159B7 /* CoreGraphics.framework */,
			);
			name = Frameworks;
			sourceTree = "<group>";
		};
		7A547FC4166DA3E1000159B7 /* TeamSpaceCadets */ = {
			isa = PBXGroup;
			children = (
				7AB137BD168C1A410049A6C5 /* MainStoryboard.storyboard */,
				7A547FCD166DA3E1000159B7 /* TSCAppDelegate.h */,
				7A547FCE166DA3E1000159B7 /* TSCAppDelegate.m */,
				7A547FD9166DA3E1000159B7 /* TSCViewController.h */,
				7A547FDA166DA3E1000159B7 /* TSCViewController.m */,
				7AF25544167290A600CF6BE6 /* TSCUtility.h */,
				7AF25545167290A600CF6BE6 /* TSCUtility.m */,
				7A94267B16811B3E00457162 /* TSCTestViewController.h */,
				7A94267C16811B3E00457162 /* TSCTestViewController.m */,
				7A046C82169F5201001E2F6E /* TSCFillinBlanksViewController.h */,
				7A046C83169F5201001E2F6E /* TSCFillinBlanksViewController.m */,
				7A046C84169F5201001E2F6E /* TSCFillinBlanksViewController.xib */,
				7AB137C51690B5500049A6C5 /* TSCMultChoiceViewController.h */,
				7AB137C61690B5500049A6C5 /* TSCMultChoiceViewController.m */,
				7AB137C71690B5500049A6C5 /* TSCMultChoiceViewController.xib */,
				7A94267716811AEE00457162 /* TSCDrawViewController.h */,
				7A94267816811AEF00457162 /* TSCDrawViewController.m */,
				3FA97D72167CEAF200039F44 /* TSCBookContentViewController.h */,
				3FA97D73167CEAF200039F44 /* TSCBookContentViewController.m */,
				3FA97D74167CEAF200039F44 /* TSCBookContentViewController.xib */,
				3F7A2C451680092300C7CBA4 /* TSCProgressViewController.h */,
				3F7A2C461680092300C7CBA4 /* TSCProgressViewController.m */,
				3F7A2C471680092300C7CBA4 /* TSCProgressViewController.xib */,
				7A31CCD4168656BD0037E7E5 /* TSCBlankLetterViewController.h */,
				7A31CCD5168656BD0037E7E5 /* TSCBlankLetterViewController.m */,
				7A31CCD6168656BD0037E7E5 /* TSCBlankLetterViewController.xib */,
				7AE6569E16A0C82B0053F70C /* FIB.jpg */,
				7AE6569F16A0C82B0053F70C /* testBG.jpg */,
				7AE6569C16A0C7CA0053F70C /* testblank.png */,
				7AB137B2168B76830049A6C5 /* O.png */,
				7AB137A8168B6A0D0049A6C5 /* N.png */,
				7AB137A9168B6A0D0049A6C5 /* M.png */,
				7A547FC5166DA3E1000159B7 /* Supporting Files */,
			);
			path = TeamSpaceCadets;
			sourceTree = "<group>";
		};
		7A547FC5166DA3E1000159B7 /* Supporting Files */ = {
			isa = PBXGroup;
			children = (
				3F7A2C3F1680051D00C7CBA4 /* reading_page_background.png */,
				7A547FC6166DA3E1000159B7 /* TeamSpaceCadets-Info.plist */,
				7A547FC7166DA3E1000159B7 /* InfoPlist.strings */,
				7A547FCA166DA3E1000159B7 /* main.m */,
				7A547FCC166DA3E1000159B7 /* TeamSpaceCadets-Prefix.pch */,
				7A547FD0166DA3E1000159B7 /* Default.png */,
				7A547FD2166DA3E1000159B7 /* Default@2x.png */,
				7A547FD4166DA3E1000159B7 /* Default-568h@2x.png */,
			);
			name = "Supporting Files";
			sourceTree = "<group>";
		};
		7A54800C166E8851000159B7 /* SBJson */ = {
			isa = PBXGroup;
			children = (
				7A54800D166E8851000159B7 /* NSObject+SBJson.h */,
				7A54800E166E8851000159B7 /* NSObject+SBJson.m */,
				7A54800F166E8851000159B7 /* SBJson.h */,
				7A548010166E8851000159B7 /* SBJsonParser.h */,
				7A548011166E8851000159B7 /* SBJsonParser.m */,
				7A548012166E8851000159B7 /* SBJsonStreamParser.h */,
				7A548013166E8851000159B7 /* SBJsonStreamParser.m */,
				7A548014166E8851000159B7 /* SBJsonStreamParserAccumulator.h */,
				7A548015166E8851000159B7 /* SBJsonStreamParserAccumulator.m */,
				7A548016166E8851000159B7 /* SBJsonStreamParserAdapter.h */,
				7A548017166E8851000159B7 /* SBJsonStreamParserAdapter.m */,
				7A548018166E8851000159B7 /* SBJsonStreamParserState.h */,
				7A548019166E8851000159B7 /* SBJsonStreamParserState.m */,
				7A54801A166E8851000159B7 /* SBJsonStreamWriter.h */,
				7A54801B166E8851000159B7 /* SBJsonStreamWriter.m */,
				7A54801C166E8851000159B7 /* SBJsonStreamWriterAccumulator.h */,
				7A54801D166E8851000159B7 /* SBJsonStreamWriterAccumulator.m */,
				7A54801E166E8851000159B7 /* SBJsonStreamWriterState.h */,
				7A54801F166E8851000159B7 /* SBJsonStreamWriterState.m */,
				7A548020166E8851000159B7 /* SBJsonTokeniser.h */,
				7A548021166E8851000159B7 /* SBJsonTokeniser.m */,
				7A548022166E8851000159B7 /* SBJsonUTF8Stream.h */,
				7A548023166E8851000159B7 /* SBJsonUTF8Stream.m */,
				7A548024166E8851000159B7 /* SBJsonWriter.h */,
				7A548025166E8851000159B7 /* SBJsonWriter.m */,
			);
			path = SBJson;
			sourceTree = "<group>";
		};
/* End PBXGroup section */

/* Begin PBXNativeTarget section */
		7A547FB9166DA3E1000159B7 /* TeamSpaceCadets */ = {
			isa = PBXNativeTarget;
			buildConfigurationList = 7A547FDE166DA3E1000159B7 /* Build configuration list for PBXNativeTarget "TeamSpaceCadets" */;
			buildPhases = (
				7A547FB6166DA3E1000159B7 /* Sources */,
				7A547FB7166DA3E1000159B7 /* Frameworks */,
				7A547FB8166DA3E1000159B7 /* Resources */,
			);
			buildRules = (
			);
			dependencies = (
			);
			name = TeamSpaceCadets;
			productName = TeamSpaceCadets;
			productReference = 7A547FBA166DA3E1000159B7 /* TeamSpaceCadets.app */;
			productType = "com.apple.product-type.application";
		};
/* End PBXNativeTarget section */

/* Begin PBXProject section */
		7A547FB1166DA3E1000159B7 /* Project object */ = {
			isa = PBXProject;
			attributes = {
				CLASSPREFIX = TSC;
				LastUpgradeCheck = 0450;
				ORGANIZATIONNAME = "RIT Space Cadets";
			};
			buildConfigurationList = 7A547FB4166DA3E1000159B7 /* Build configuration list for PBXProject "TeamSpaceCadets" */;
			compatibilityVersion = "Xcode 3.2";
			developmentRegion = English;
			hasScannedForEncodings = 0;
			knownRegions = (
				en,
			);
			mainGroup = 7A547FAF166DA3E1000159B7;
			productRefGroup = 7A547FBB166DA3E1000159B7 /* Products */;
			projectDirPath = "";
			projectRoot = "";
			targets = (
				7A547FB9166DA3E1000159B7 /* TeamSpaceCadets */,
			);
		};
/* End PBXProject section */

/* Begin PBXResourcesBuildPhase section */
		7A547FB8166DA3E1000159B7 /* Resources */ = {
			isa = PBXResourcesBuildPhase;
			buildActionMask = 2147483647;
			files = (
				7A547FC9166DA3E1000159B7 /* InfoPlist.strings in Resources */,
				7A547FD1166DA3E1000159B7 /* Default.png in Resources */,
				7A547FD3166DA3E1000159B7 /* Default@2x.png in Resources */,
				7A547FD5166DA3E1000159B7 /* Default-568h@2x.png in Resources */,
				3FA97D76167CEAF200039F44 /* TSCBookContentViewController.xib in Resources */,
				3F7A2C401680051D00C7CBA4 /* reading_page_background.png in Resources */,
				3F7A2C491680092300C7CBA4 /* TSCProgressViewController.xib in Resources */,
				7A31CCD8168656BD0037E7E5 /* TSCBlankLetterViewController.xib in Resources */,
				7AB137AB168B6A0D0049A6C5 /* N.png in Resources */,
				7AB137AC168B6A0D0049A6C5 /* M.png in Resources */,
				7AB137B3168B76830049A6C5 /* O.png in Resources */,
				7AB137BF168C1A410049A6C5 /* MainStoryboard.storyboard in Resources */,
				7AB137C91690B5500049A6C5 /* TSCMultChoiceViewController.xib in Resources */,
				7A046C86169F5201001E2F6E /* TSCFillinBlanksViewController.xib in Resources */,
				7AE6569D16A0C7CA0053F70C /* testblank.png in Resources */,
				7AE656A016A0C82B0053F70C /* FIB.jpg in Resources */,
				7AE656A116A0C82B0053F70C /* testBG.jpg in Resources */,
			);
			runOnlyForDeploymentPostprocessing = 0;
		};
/* End PBXResourcesBuildPhase section */

/* Begin PBXSourcesBuildPhase section */
		7A547FB6166DA3E1000159B7 /* Sources */ = {
			isa = PBXSourcesBuildPhase;
			buildActionMask = 2147483647;
			files = (
				7A547FCB166DA3E1000159B7 /* main.m in Sources */,
				7A547FCF166DA3E1000159B7 /* TSCAppDelegate.m in Sources */,
				7A547FDB166DA3E1000159B7 /* TSCViewController.m in Sources */,
				7A548026166E8851000159B7 /* NSObject+SBJson.m in Sources */,
				7A548027166E8851000159B7 /* SBJsonParser.m in Sources */,
				7A548028166E8851000159B7 /* SBJsonStreamParser.m in Sources */,
				7A548029166E8851000159B7 /* SBJsonStreamParserAccumulator.m in Sources */,
				7A54802A166E8851000159B7 /* SBJsonStreamParserAdapter.m in Sources */,
				7A54802B166E8851000159B7 /* SBJsonStreamParserState.m in Sources */,
				7A54802C166E8851000159B7 /* SBJsonStreamWriter.m in Sources */,
				7A54802D166E8851000159B7 /* SBJsonStreamWriterAccumulator.m in Sources */,
				7A54802E166E8851000159B7 /* SBJsonStreamWriterState.m in Sources */,
				7A54802F166E8851000159B7 /* SBJsonTokeniser.m in Sources */,
				7A548030166E8851000159B7 /* SBJsonUTF8Stream.m in Sources */,
				7A548031166E8851000159B7 /* SBJsonWriter.m in Sources */,
				7AF25546167290A600CF6BE6 /* TSCUtility.m in Sources */,
				3FA97D75167CEAF200039F44 /* TSCBookContentViewController.m in Sources */,
				3F7A2C481680092300C7CBA4 /* TSCProgressViewController.m in Sources */,
				7A94267916811AEF00457162 /* TSCDrawViewController.m in Sources */,
				7A94267D16811B3E00457162 /* TSCTestViewController.m in Sources */,
				7A31CCD7168656BD0037E7E5 /* TSCBlankLetterViewController.m in Sources */,
				7AB137C81690B5500049A6C5 /* TSCMultChoiceViewController.m in Sources */,
				7A046C85169F5201001E2F6E /* TSCFillinBlanksViewController.m in Sources */,
			);
			runOnlyForDeploymentPostprocessing = 0;
		};
/* End PBXSourcesBuildPhase section */

/* Begin PBXVariantGroup section */
		7A547FC7166DA3E1000159B7 /* InfoPlist.strings */ = {
			isa = PBXVariantGroup;
			children = (
				7A547FC8166DA3E1000159B7 /* en */,
			);
			name = InfoPlist.strings;
			sourceTree = "<group>";
		};
		7AB137BD168C1A410049A6C5 /* MainStoryboard.storyboard */ = {
			isa = PBXVariantGroup;
			children = (
				7AB137BE168C1A410049A6C5 /* en */,
			);
			name = MainStoryboard.storyboard;
			path = ..;
			sourceTree = "<group>";
		};
/* End PBXVariantGroup section */

/* Begin XCBuildConfiguration section */
		7A547FDC166DA3E1000159B7 /* Debug */ = {
			isa = XCBuildConfiguration;
			buildSettings = {
				ALWAYS_SEARCH_USER_PATHS = NO;
				CLANG_CXX_LANGUAGE_STANDARD = "gnu++0x";
				CLANG_CXX_LIBRARY = "libc++";
				CLANG_ENABLE_OBJC_ARC = YES;
				CLANG_WARN_EMPTY_BODY = YES;
				CLANG_WARN__DUPLICATE_METHOD_MATCH = YES;
				"CODE_SIGN_IDENTITY[sdk=iphoneos*]" = "iPhone Developer";
				COPY_PHASE_STRIP = NO;
				GCC_C_LANGUAGE_STANDARD = gnu99;
				GCC_DYNAMIC_NO_PIC = NO;
				GCC_OPTIMIZATION_LEVEL = 0;
				GCC_PREPROCESSOR_DEFINITIONS = (
					"DEBUG=1",
					"$(inherited)",
				);
				GCC_SYMBOLS_PRIVATE_EXTERN = NO;
				GCC_WARN_ABOUT_RETURN_TYPE = YES;
				GCC_WARN_UNINITIALIZED_AUTOS = YES;
				GCC_WARN_UNUSED_VARIABLE = YES;
				IPHONEOS_DEPLOYMENT_TARGET = 6.0;
				ONLY_ACTIVE_ARCH = YES;
				SDKROOT = iphoneos;
				TARGETED_DEVICE_FAMILY = 2;
			};
			name = Debug;
		};
		7A547FDD166DA3E1000159B7 /* Release */ = {
			isa = XCBuildConfiguration;
			buildSettings = {
				ALWAYS_SEARCH_USER_PATHS = NO;
				CLANG_CXX_LANGUAGE_STANDARD = "gnu++0x";
				CLANG_CXX_LIBRARY = "libc++";
				CLANG_ENABLE_OBJC_ARC = YES;
				CLANG_WARN_EMPTY_BODY = YES;
				CLANG_WARN__DUPLICATE_METHOD_MATCH = YES;
				"CODE_SIGN_IDENTITY[sdk=iphoneos*]" = "iPhone Developer";
				COPY_PHASE_STRIP = YES;
				GCC_C_LANGUAGE_STANDARD = gnu99;
				GCC_WARN_ABOUT_RETURN_TYPE = YES;
				GCC_WARN_UNINITIALIZED_AUTOS = YES;
				GCC_WARN_UNUSED_VARIABLE = YES;
				IPHONEOS_DEPLOYMENT_TARGET = 6.0;
				OTHER_CFLAGS = "-DNS_BLOCK_ASSERTIONS=1";
				SDKROOT = iphoneos;
				TARGETED_DEVICE_FAMILY = 2;
				VALIDATE_PRODUCT = YES;
			};
			name = Release;
		};
		7A547FDF166DA3E1000159B7 /* Debug */ = {
			isa = XCBuildConfiguration;
			buildSettings = {
				GCC_PRECOMPILE_PREFIX_HEADER = YES;
				GCC_PREFIX_HEADER = "TeamSpaceCadets/TeamSpaceCadets-Prefix.pch";
				INFOPLIST_FILE = "TeamSpaceCadets/TeamSpaceCadets-Info.plist";
				PRODUCT_NAME = "$(TARGET_NAME)";
				WRAPPER_EXTENSION = app;
			};
			name = Debug;
		};
		7A547FE0166DA3E1000159B7 /* Release */ = {
			isa = XCBuildConfiguration;
			buildSettings = {
				GCC_PRECOMPILE_PREFIX_HEADER = YES;
				GCC_PREFIX_HEADER = "TeamSpaceCadets/TeamSpaceCadets-Prefix.pch";
				INFOPLIST_FILE = "TeamSpaceCadets/TeamSpaceCadets-Info.plist";
				PRODUCT_NAME = "$(TARGET_NAME)";
				WRAPPER_EXTENSION = app;
			};
			name = Release;
		};
/* End XCBuildConfiguration section */

/* Begin XCConfigurationList section */
		7A547FB4166DA3E1000159B7 /* Build configuration list for PBXProject "TeamSpaceCadets" */ = {
			isa = XCConfigurationList;
			buildConfigurations = (
				7A547FDC166DA3E1000159B7 /* Debug */,
				7A547FDD166DA3E1000159B7 /* Release */,
			);
			defaultConfigurationIsVisible = 0;
			defaultConfigurationName = Release;
		};
		7A547FDE166DA3E1000159B7 /* Build configuration list for PBXNativeTarget "TeamSpaceCadets" */ = {
			isa = XCConfigurationList;
			buildConfigurations = (
				7A547FDF166DA3E1000159B7 /* Debug */,
				7A547FE0166DA3E1000159B7 /* Release */,
			);
			defaultConfigurationIsVisible = 0;
			defaultConfigurationName = Release;
		};
/* End XCConfigurationList section */
	};
	rootObject = 7A547FB1166DA3E1000159B7 /* Project object */;
}
